// !$*UTF8*$!
{
	archiveVersion = 1;
	classes = {
	};
	objectVersion = 56;
	objects = {

/* Begin PBXBuildFile section */
		99EE1DB12AA308560053BBDC /* AppDelegate.swift in Sources */ = {isa = PBXBuildFile; fileRef = 99EE1DB02AA308560053BBDC /* AppDelegate.swift */; };
		99EE1DB32AA308560053BBDC /* SceneDelegate.swift in Sources */ = {isa = PBXBuildFile; fileRef = 99EE1DB22AA308560053BBDC /* SceneDelegate.swift */; };
		99EE1DB52AA308560053BBDC /* ViewController.swift in Sources */ = {isa = PBXBuildFile; fileRef = 99EE1DB42AA308560053BBDC /* ViewController.swift */; };
		99EE1DB82AA308560053BBDC /* Main.storyboard in Resources */ = {isa = PBXBuildFile; fileRef = 99EE1DB62AA308560053BBDC /* Main.storyboard */; };
		99EE1DBA2AA308570053BBDC /* Assets.xcassets in Resources */ = {isa = PBXBuildFile; fileRef = 99EE1DB92AA308570053BBDC /* Assets.xcassets */; };
		99EE1DBD2AA308570053BBDC /* LaunchScreen.storyboard in Resources */ = {isa = PBXBuildFile; fileRef = 99EE1DBB2AA308570053BBDC /* LaunchScreen.storyboard */; };
		99EE1DC82AA308580053BBDC /* AutolayoutExampleTests.swift in Sources */ = {isa = PBXBuildFile; fileRef = 99EE1DC72AA308580053BBDC /* AutolayoutExampleTests.swift */; };
		99EE1DD22AA308580053BBDC /* AutolayoutExampleUITests.swift in Sources */ = {isa = PBXBuildFile; fileRef = 99EE1DD12AA308580053BBDC /* AutolayoutExampleUITests.swift */; };
		99EE1DD42AA308580053BBDC /* AutolayoutExampleUITestsLaunchTests.swift in Sources */ = {isa = PBXBuildFile; fileRef = 99EE1DD32AA308580053BBDC /* AutolayoutExampleUITestsLaunchTests.swift */; };
/* End PBXBuildFile section */

/* Begin PBXContainerItemProxy section */
		99EE1DC42AA308580053BBDC /* PBXContainerItemProxy */ = {
			isa = PBXContainerItemProxy;
			containerPortal = 99EE1DA52AA308560053BBDC /* Project object */;
			proxyType = 1;
			remoteGlobalIDString = 99EE1DAC2AA308560053BBDC;
			remoteInfo = AutolayoutExample;
		};
		99EE1DCE2AA308580053BBDC /* PBXContainerItemProxy */ = {
			isa = PBXContainerItemProxy;
			containerPortal = 99EE1DA52AA308560053BBDC /* Project object */;
			proxyType = 1;
			remoteGlobalIDString = 99EE1DAC2AA308560053BBDC;
			remoteInfo = AutolayoutExample;
		};
/* End PBXContainerItemProxy section */

/* Begin PBXFileReference section */
		99EE1DAD2AA308560053BBDC /* AutolayoutExample.app */ = {isa = PBXFileReference; explicitFileType = wrapper.application; includeInIndex = 0; path = AutolayoutExample.app; sourceTree = BUILT_PRODUCTS_DIR; };
		99EE1DB02AA308560053BBDC /* AppDelegate.swift */ = {isa = PBXFileReference; lastKnownFileType = sourcecode.swift; path = AppDelegate.swift; sourceTree = "<group>"; };
		99EE1DB22AA308560053BBDC /* SceneDelegate.swift */ = {isa = PBXFileReference; lastKnownFileType = sourcecode.swift; path = SceneDelegate.swift; sourceTree = "<group>"; };
		99EE1DB42AA308560053BBDC /* ViewController.swift */ = {isa = PBXFileReference; lastKnownFileType = sourcecode.swift; path = ViewController.swift; sourceTree = "<group>"; };
		99EE1DB72AA308560053BBDC /* Base */ = {isa = PBXFileReference; lastKnownFileType = file.storyboard; name = Base; path = Base.lproj/Main.storyboard; sourceTree = "<group>"; };
		99EE1DB92AA308570053BBDC /* Assets.xcassets */ = {isa = PBXFileReference; lastKnownFileType = folder.assetcatalog; path = Assets.xcassets; sourceTree = "<group>"; };
		99EE1DBC2AA308570053BBDC /* Base */ = {isa = PBXFileReference; lastKnownFileType = file.storyboard; name = Base; path = Base.lproj/LaunchScreen.storyboard; sourceTree = "<group>"; };
		99EE1DBE2AA308570053BBDC /* Info.plist */ = {isa = PBXFileReference; lastKnownFileType = text.plist.xml; path = Info.plist; sourceTree = "<group>"; };
		99EE1DC32AA308580053BBDC /* AutolayoutExampleTests.xctest */ = {isa = PBXFileReference; explicitFileType = wrapper.cfbundle; includeInIndex = 0; path = AutolayoutExampleTests.xctest; sourceTree = BUILT_PRODUCTS_DIR; };
		99EE1DC72AA308580053BBDC /* AutolayoutExampleTests.swift */ = {isa = PBXFileReference; lastKnownFileType = sourcecode.swift; path = AutolayoutExampleTests.swift; sourceTree = "<group>"; };
		99EE1DCD2AA308580053BBDC /* AutolayoutExampleUITests.xctest */ = {isa = PBXFileReference; explicitFileType = wrapper.cfbundle; includeInIndex = 0; path = AutolayoutExampleUITests.xctest; sourceTree = BUILT_PRODUCTS_DIR; };
		99EE1DD12AA308580053BBDC /* AutolayoutExampleUITests.swift */ = {isa = PBXFileReference; lastKnownFileType = sourcecode.swift; path = AutolayoutExampleUITests.swift; sourceTree = "<group>"; };
		99EE1DD32AA308580053BBDC /* AutolayoutExampleUITestsLaunchTests.swift */ = {isa = PBXFileReference; lastKnownFileType = sourcecode.swift; path = AutolayoutExampleUITestsLaunchTests.swift; sourceTree = "<group>"; };
/* End PBXFileReference section */

/* Begin PBXFrameworksBuildPhase section */
		99EE1DAA2AA308560053BBDC /* Frameworks */ = {
			isa = PBXFrameworksBuildPhase;
			buildActionMask = 2147483647;
			files = (
			);
			runOnlyForDeploymentPostprocessing = 0;
		};
		99EE1DC02AA308580053BBDC /* Frameworks */ = {
			isa = PBXFrameworksBuildPhase;
			buildActionMask = 2147483647;
			files = (
			);
			runOnlyForDeploymentPostprocessing = 0;
		};
		99EE1DCA2AA308580053BBDC /* Frameworks */ = {
			isa = PBXFrameworksBuildPhase;
			buildActionMask = 2147483647;
			files = (
			);
			runOnlyForDeploymentPostprocessing = 0;
		};
/* End PBXFrameworksBuildPhase section */

/* Begin PBXGroup section */
		99EE1DA42AA308560053BBDC = {
			isa = PBXGroup;
			children = (
				99EE1DAF2AA308560053BBDC /* AutolayoutExample */,
				99EE1DC62AA308580053BBDC /* AutolayoutExampleTests */,
				99EE1DD02AA308580053BBDC /* AutolayoutExampleUITests */,
				99EE1DAE2AA308560053BBDC /* Products */,
			);
			sourceTree = "<group>";
		};
		99EE1DAE2AA308560053BBDC /* Products */ = {
			isa = PBXGroup;
			children = (
				99EE1DAD2AA308560053BBDC /* AutolayoutExample.app */,
				99EE1DC32AA308580053BBDC /* AutolayoutExampleTests.xctest */,
				99EE1DCD2AA308580053BBDC /* AutolayoutExampleUITests.xctest */,
			);
			name = Products;
			sourceTree = "<group>";
		};
		99EE1DAF2AA308560053BBDC /* AutolayoutExample */ = {
			isa = PBXGroup;
			children = (
				99EE1DB02AA308560053BBDC /* AppDelegate.swift */,
				99EE1DB22AA308560053BBDC /* SceneDelegate.swift */,
				99EE1DB42AA308560053BBDC /* ViewController.swift */,
				99EE1DB62AA308560053BBDC /* Main.storyboard */,
				99EE1DB92AA308570053BBDC /* Assets.xcassets */,
				99EE1DBB2AA308570053BBDC /* LaunchScreen.storyboard */,
				99EE1DBE2AA308570053BBDC /* Info.plist */,
			);
			path = AutolayoutExample;
			sourceTree = "<group>";
		};
		99EE1DC62AA308580053BBDC /* AutolayoutExampleTests */ = {
			isa = PBXGroup;
			children = (
				99EE1DC72AA308580053BBDC /* AutolayoutExampleTests.swift */,
			);
			path = AutolayoutExampleTests;
			sourceTree = "<group>";
		};
		99EE1DD02AA308580053BBDC /* AutolayoutExampleUITests */ = {
			isa = PBXGroup;
			children = (
				99EE1DD12AA308580053BBDC /* AutolayoutExampleUITests.swift */,
				99EE1DD32AA308580053BBDC /* AutolayoutExampleUITestsLaunchTests.swift */,
			);
			path = AutolayoutExampleUITests;
			sourceTree = "<group>";
		};
/* End PBXGroup section */

/* Begin PBXNativeTarget section */
		99EE1DAC2AA308560053BBDC /* AutolayoutExample */ = {
			isa = PBXNativeTarget;
			buildConfigurationList = 99EE1DD72AA308580053BBDC /* Build configuration list for PBXNativeTarget "AutolayoutExample" */;
			buildPhases = (
				99EE1DA92AA308560053BBDC /* Sources */,
				99EE1DAA2AA308560053BBDC /* Frameworks */,
				99EE1DAB2AA308560053BBDC /* Resources */,
			);
			buildRules = (
			);
			dependencies = (
			);
			name = AutolayoutExample;
			productName = AutolayoutExample;
			productReference = 99EE1DAD2AA308560053BBDC /* AutolayoutExample.app */;
			productType = "com.apple.product-type.application";
		};
		99EE1DC22AA308580053BBDC /* AutolayoutExampleTests */ = {
			isa = PBXNativeTarget;
			buildConfigurationList = 99EE1DDA2AA308580053BBDC /* Build configuration list for PBXNativeTarget "AutolayoutExampleTests" */;
			buildPhases = (
				99EE1DBF2AA308580053BBDC /* Sources */,
				99EE1DC02AA308580053BBDC /* Frameworks */,
				99EE1DC12AA308580053BBDC /* Resources */,
			);
			buildRules = (
			);
			dependencies = (
				99EE1DC52AA308580053BBDC /* PBXTargetDependency */,
			);
			name = AutolayoutExampleTests;
			productName = AutolayoutExampleTests;
			productReference = 99EE1DC32AA308580053BBDC /* AutolayoutExampleTests.xctest */;
			productType = "com.apple.product-type.bundle.unit-test";
		};
		99EE1DCC2AA308580053BBDC /* AutolayoutExampleUITests */ = {
			isa = PBXNativeTarget;
			buildConfigurationList = 99EE1DDD2AA308580053BBDC /* Build configuration list for PBXNativeTarget "AutolayoutExampleUITests" */;
			buildPhases = (
				99EE1DC92AA308580053BBDC /* Sources */,
				99EE1DCA2AA308580053BBDC /* Frameworks */,
				99EE1DCB2AA308580053BBDC /* Resources */,
			);
			buildRules = (
			);
			dependencies = (
				99EE1DCF2AA308580053BBDC /* PBXTargetDependency */,
			);
			name = AutolayoutExampleUITests;
			productName = AutolayoutExampleUITests;
			productReference = 99EE1DCD2AA308580053BBDC /* AutolayoutExampleUITests.xctest */;
			productType = "com.apple.product-type.bundle.ui-testing";
		};
/* End PBXNativeTarget section */

/* Begin PBXProject section */
		99EE1DA52AA308560053BBDC /* Project object */ = {
			isa = PBXProject;
			attributes = {
				BuildIndependentTargetsInParallel = 1;
				LastSwiftUpdateCheck = 1430;
				LastUpgradeCheck = 1430;
				TargetAttributes = {
					99EE1DAC2AA308560053BBDC = {
						CreatedOnToolsVersion = 14.3.1;
					};
					99EE1DC22AA308580053BBDC = {
						CreatedOnToolsVersion = 14.3.1;
						TestTargetID = 99EE1DAC2AA308560053BBDC;
					};
					99EE1DCC2AA308580053BBDC = {
						CreatedOnToolsVersion = 14.3.1;
						TestTargetID = 99EE1DAC2AA308560053BBDC;
					};
				};
			};
			buildConfigurationList = 99EE1DA82AA308560053BBDC /* Build configuration list for PBXProject "AutolayoutExample" */;
			compatibilityVersion = "Xcode 14.0";
			developmentRegion = en;
			hasScannedForEncodings = 0;
			knownRegions = (
				en,
				Base,
			);
			mainGroup = 99EE1DA42AA308560053BBDC;
			productRefGroup = 99EE1DAE2AA308560053BBDC /* Products */;
			projectDirPath = "";
			projectRoot = "";
			targets = (
				99EE1DAC2AA308560053BBDC /* AutolayoutExample */,
				99EE1DC22AA308580053BBDC /* AutolayoutExampleTests */,
				99EE1DCC2AA308580053BBDC /* AutolayoutExampleUITests */,
			);
		};
/* End PBXProject section */

/* Begin PBXResourcesBuildPhase section */
		99EE1DAB2AA308560053BBDC /* Resources */ = {
			isa = PBXResourcesBuildPhase;
			buildActionMask = 2147483647;
			files = (
				99EE1DBD2AA308570053BBDC /* LaunchScreen.storyboard in Resources */,
				99EE1DBA2AA308570053BBDC /* Assets.xcassets in Resources */,
				99EE1DB82AA308560053BBDC /* Main.storyboard in Resources */,
			);
			runOnlyForDeploymentPostprocessing = 0;
		};
		99EE1DC12AA308580053BBDC /* Resources */ = {
			isa = PBXResourcesBuildPhase;
			buildActionMask = 2147483647;
			files = (
			);
			runOnlyForDeploymentPostprocessing = 0;
		};
		99EE1DCB2AA308580053BBDC /* Resources */ = {
			isa = PBXResourcesBuildPhase;
			buildActionMask = 2147483647;
			files = (
			);
			runOnlyForDeploymentPostprocessing = 0;
		};
/* End PBXResourcesBuildPhase section */

/* Begin PBXSourcesBuildPhase section */
		99EE1DA92AA308560053BBDC /* Sources */ = {
			isa = PBXSourcesBuildPhase;
			buildActionMask = 2147483647;
			files = (
				99EE1DB52AA308560053BBDC /* ViewController.swift in Sources */,
				99EE1DB12AA308560053BBDC /* AppDelegate.swift in Sources */,
				99EE1DB32AA308560053BBDC /* SceneDelegate.swift in Sources */,
			);
			runOnlyForDeploymentPostprocessing = 0;
		};
		99EE1DBF2AA308580053BBDC /* Sources */ = {
			isa = PBXSourcesBuildPhase;
			buildActionMask = 2147483647;
			files = (
				99EE1DC82AA308580053BBDC /* AutolayoutExampleTests.swift in Sources */,
			);
			runOnlyForDeploymentPostprocessing = 0;
		};
		99EE1DC92AA308580053BBDC /* Sources */ = {
			isa = PBXSourcesBuildPhase;
			buildActionMask = 2147483647;
			files = (
				99EE1DD42AA308580053BBDC /* AutolayoutExampleUITestsLaunchTests.swift in Sources */,
				99EE1DD22AA308580053BBDC /* AutolayoutExampleUITests.swift in Sources */,
			);
			runOnlyForDeploymentPostprocessing = 0;
		};
/* End PBXSourcesBuildPhase section */

/* Begin PBXTargetDependency section */
		99EE1DC52AA308580053BBDC /* PBXTargetDependency */ = {
			isa = PBXTargetDependency;
			target = 99EE1DAC2AA308560053BBDC /* AutolayoutExample */;
			targetProxy = 99EE1DC42AA308580053BBDC /* PBXContainerItemProxy */;
		};
		99EE1DCF2AA308580053BBDC /* PBXTargetDependency */ = {
			isa = PBXTargetDependency;
			target = 99EE1DAC2AA308560053BBDC /* AutolayoutExample */;
			targetProxy = 99EE1DCE2AA308580053BBDC /* PBXContainerItemProxy */;
		};
/* End PBXTargetDependency section */

/* Begin PBXVariantGroup section */
		99EE1DB62AA308560053BBDC /* Main.storyboard */ = {
			isa = PBXVariantGroup;
			children = (
				99EE1DB72AA308560053BBDC /* Base */,
			);
			name = Main.storyboard;
			sourceTree = "<group>";
		};
		99EE1DBB2AA308570053BBDC /* LaunchScreen.storyboard */ = {
			isa = PBXVariantGroup;
			children = (
				99EE1DBC2AA308570053BBDC /* Base */,
			);
			name = LaunchScreen.storyboard;
			sourceTree = "<group>";
		};
/* End PBXVariantGroup section */

/* Begin XCBuildConfiguration section */
		99EE1DD52AA308580053BBDC /* Debug */ = {
			isa = XCBuildConfiguration;
			buildSettings = {
				ALWAYS_SEARCH_USER_PATHS = NO;
				CLANG_ANALYZER_NONNULL = YES;
				CLANG_ANALYZER_NUMBER_OBJECT_CONVERSION = YES_AGGRESSIVE;
				CLANG_CXX_LANGUAGE_STANDARD = "gnu++20";
				CLANG_ENABLE_MODULES = YES;
				CLANG_ENABLE_OBJC_ARC = YES;
				CLANG_ENABLE_OBJC_WEAK = YES;
				CLANG_WARN_BLOCK_CAPTURE_AUTORELEASING = YES;
				CLANG_WARN_BOOL_CONVERSION = YES;
				CLANG_WARN_COMMA = YES;
				CLANG_WARN_CONSTANT_CONVERSION = YES;
				CLANG_WARN_DEPRECATED_OBJC_IMPLEMENTATIONS = YES;
				CLANG_WARN_DIRECT_OBJC_ISA_USAGE = YES_ERROR;
				CLANG_WARN_DOCUMENTATION_COMMENTS = YES;
				CLANG_WARN_EMPTY_BODY = YES;
				CLANG_WARN_ENUM_CONVERSION = YES;
				CLANG_WARN_INFINITE_RECURSION = YES;
				CLANG_WARN_INT_CONVERSION = YES;
				CLANG_WARN_NON_LITERAL_NULL_CONVERSION = YES;
				CLANG_WARN_OBJC_IMPLICIT_RETAIN_SELF = YES;
				CLANG_WARN_OBJC_LITERAL_CONVERSION = YES;
				CLANG_WARN_OBJC_ROOT_CLASS = YES_ERROR;
				CLANG_WARN_QUOTED_INCLUDE_IN_FRAMEWORK_HEADER = YES;
				CLANG_WARN_RANGE_LOOP_ANALYSIS = YES;
				CLANG_WARN_STRICT_PROTOTYPES = YES;
				CLANG_WARN_SUSPICIOUS_MOVE = YES;
				CLANG_WARN_UNGUARDED_AVAILABILITY = YES_AGGRESSIVE;
				CLANG_WARN_UNREACHABLE_CODE = YES;
				CLANG_WARN__DUPLICATE_METHOD_MATCH = YES;
				COPY_PHASE_STRIP = NO;
				DEBUG_INFORMATION_FORMAT = dwarf;
				ENABLE_STRICT_OBJC_MSGSEND = YES;
				ENABLE_TESTABILITY = YES;
				GCC_C_LANGUAGE_STANDARD = gnu11;
				GCC_DYNAMIC_NO_PIC = NO;
				GCC_NO_COMMON_BLOCKS = YES;
				GCC_OPTIMIZATION_LEVEL = 0;
				GCC_PREPROCESSOR_DEFINITIONS = (
					"DEBUG=1",
					"$(inherited)",
				);
				GCC_WARN_64_TO_32_BIT_CONVERSION = YES;
				GCC_WARN_ABOUT_RETURN_TYPE = YES_ERROR;
				GCC_WARN_UNDECLARED_SELECTOR = YES;
				GCC_WARN_UNINITIALIZED_AUTOS = YES_AGGRESSIVE;
				GCC_WARN_UNUSED_FUNCTION = YES;
				GCC_WARN_UNUSED_VARIABLE = YES;
				IPHONEOS_DEPLOYMENT_TARGET = 16.4;
				MTL_ENABLE_DEBUG_INFO = INCLUDE_SOURCE;
				MTL_FAST_MATH = YES;
				ONLY_ACTIVE_ARCH = YES;
				SDKROOT = iphoneos;
				SWIFT_ACTIVE_COMPILATION_CONDITIONS = DEBUG;
				SWIFT_OPTIMIZATION_LEVEL = "-Onone";
			};
			name = Debug;
		};
		99EE1DD62AA308580053BBDC /* Release */ = {
			isa = XCBuildConfiguration;
			buildSettings = {
				ALWAYS_SEARCH_USER_PATHS = NO;
				CLANG_ANALYZER_NONNULL = YES;
				CLANG_ANALYZER_NUMBER_OBJECT_CONVERSION = YES_AGGRESSIVE;
				CLANG_CXX_LANGUAGE_STANDARD = "gnu++20";
				CLANG_ENABLE_MODULES = YES;
				CLANG_ENABLE_OBJC_ARC = YES;
				CLANG_ENABLE_OBJC_WEAK = YES;
				CLANG_WARN_BLOCK_CAPTURE_AUTORELEASING = YES;
				CLANG_WARN_BOOL_CONVERSION = YES;
				CLANG_WARN_COMMA = YES;
				CLANG_WARN_CONSTANT_CONVERSION = YES;
				CLANG_WARN_DEPRECATED_OBJC_IMPLEMENTATIONS = YES;
				CLANG_WARN_DIRECT_OBJC_ISA_USAGE = YES_ERROR;
				CLANG_WARN_DOCUMENTATION_COMMENTS = YES;
				CLANG_WARN_EMPTY_BODY = YES;
				CLANG_WARN_ENUM_CONVERSION = YES;
				CLANG_WARN_INFINITE_RECURSION = YES;
				CLANG_WARN_INT_CONVERSION = YES;
				CLANG_WARN_NON_LITERAL_NULL_CONVERSION = YES;
				CLANG_WARN_OBJC_IMPLICIT_RETAIN_SELF = YES;
				CLANG_WARN_OBJC_LITERAL_CONVERSION = YES;
				CLANG_WARN_OBJC_ROOT_CLASS = YES_ERROR;
				CLANG_WARN_QUOTED_INCLUDE_IN_FRAMEWORK_HEADER = YES;
				CLANG_WARN_RANGE_LOOP_ANALYSIS = YES;
				CLANG_WARN_STRICT_PROTOTYPES = YES;
				CLANG_WARN_SUSPICIOUS_MOVE = YES;
				CLANG_WARN_UNGUARDED_AVAILABILITY = YES_AGGRESSIVE;
				CLANG_WARN_UNREACHABLE_CODE = YES;
				CLANG_WARN__DUPLICATE_METHOD_MATCH = YES;
				COPY_PHASE_STRIP = NO;
				DEBUG_INFORMATION_FORMAT = "dwarf-with-dsym";
				ENABLE_NS_ASSERTIONS = NO;
				ENABLE_STRICT_OBJC_MSGSEND = YES;
				GCC_C_LANGUAGE_STANDARD = gnu11;
				GCC_NO_COMMON_BLOCKS = YES;
				GCC_WARN_64_TO_32_BIT_CONVERSION = YES;
				GCC_WARN_ABOUT_RETURN_TYPE = YES_ERROR;
				GCC_WARN_UNDECLARED_SELECTOR = YES;
				GCC_WARN_UNINITIALIZED_AUTOS = YES_AGGRESSIVE;
				GCC_WARN_UNUSED_FUNCTION = YES;
				GCC_WARN_UNUSED_VARIABLE = YES;
				IPHONEOS_DEPLOYMENT_TARGET = 16.4;
				MTL_ENABLE_DEBUG_INFO = NO;
				MTL_FAST_MATH = YES;
				SDKROOT = iphoneos;
				SWIFT_COMPILATION_MODE = wholemodule;
				SWIFT_OPTIMIZATION_LEVEL = "-O";
				VALIDATE_PRODUCT = YES;
			};
			name = Release;
		};
		99EE1DD82AA308580053BBDC /* Debug */ = {
			isa = XCBuildConfiguration;
			buildSettings = {
				ASSETCATALOG_COMPILER_APPICON_NAME = AppIcon;
				ASSETCATALOG_COMPILER_GLOBAL_ACCENT_COLOR_NAME = AccentColor;
				CODE_SIGN_STYLE = Automatic;
				CURRENT_PROJECT_VERSION = 1;
				DEVELOPMENT_TEAM = 325ATLWFWW;
				GENERATE_INFOPLIST_FILE = YES;
				INFOPLIST_FILE = AutolayoutExample/Info.plist;
				INFOPLIST_KEY_UIApplicationSupportsIndirectInputEvents = YES;
				INFOPLIST_KEY_UILaunchStoryboardName = LaunchScreen;
				INFOPLIST_KEY_UIMainStoryboardFile = Main;
				INFOPLIST_KEY_UISupportedInterfaceOrientations_iPad = "UIInterfaceOrientationPortrait UIInterfaceOrientationPortraitUpsideDown UIInterfaceOrientationLandscapeLeft UIInterfaceOrientationLandscapeRight";
				INFOPLIST_KEY_UISupportedInterfaceOrientations_iPhone = "UIInterfaceOrientationPortrait UIInterfaceOrientationLandscapeLeft UIInterfaceOrientationLandscapeRight";
				LD_RUNPATH_SEARCH_PATHS = (
					"$(inherited)",
					"@executable_path/Frameworks",
				);
				MARKETING_VERSION = 1.0;
				PRODUCT_BUNDLE_IDENTIFIER = judy.AutolayoutExample;
				PRODUCT_NAME = "$(TARGET_NAME)";
				SWIFT_EMIT_LOC_STRINGS = YES;
				SWIFT_VERSION = 5.0;
				TARGETED_DEVICE_FAMILY = "1,2";
			};
			name = Debug;
		};
		99EE1DD92AA308580053BBDC /* Release */ = {
			isa = XCBuildConfiguration;
			buildSettings = {
				ASSETCATALOG_COMPILER_APPICON_NAME = AppIcon;
				ASSETCATALOG_COMPILER_GLOBAL_ACCENT_COLOR_NAME = AccentColor;
				CODE_SIGN_STYLE = Automatic;
				CURRENT_PROJECT_VERSION = 1;
				DEVELOPMENT_TEAM = 325ATLWFWW;
				GENERATE_INFOPLIST_FILE = YES;
				INFOPLIST_FILE = AutolayoutExample/Info.plist;
				INFOPLIST_KEY_UIApplicationSupportsIndirectInputEvents = YES;
				INFOPLIST_KEY_UILaunchStoryboardName = LaunchScreen;
				INFOPLIST_KEY_UIMainStoryboardFile = Main;
				INFOPLIST_KEY_UISupportedInterfaceOrientations_iPad = "UIInterfaceOrientationPortrait UIInterfaceOrientationPortraitUpsideDown UIInterfaceOrientationLandscapeLeft UIInterfaceOrientationLandscapeRight";
				INFOPLIST_KEY_UISupportedInterfaceOrientations_iPhone = "UIInterfaceOrientationPortrait UIInterfaceOrientationLandscapeLeft UIInterfaceOrientationLandscapeRight";
				LD_RUNPATH_SEARCH_PATHS = (
					"$(inherited)",
					"@executable_path/Frameworks",
				);
				MARKETING_VERSION = 1.0;
				PRODUCT_BUNDLE_IDENTIFIER = judy.AutolayoutExample;
				PRODUCT_NAME = "$(TARGET_NAME)";
				SWIFT_EMIT_LOC_STRINGS = YES;
				SWIFT_VERSION = 5.0;
				TARGETED_DEVICE_FAMILY = "1,2";
			};
			name = Release;
		};
		99EE1DDB2AA308580053BBDC /* Debug */ = {
			isa = XCBuildConfiguration;
			buildSettings = {
				ALWAYS_EMBED_SWIFT_STANDARD_LIBRARIES = YES;
				BUNDLE_LOADER = "$(TEST_HOST)";
				CODE_SIGN_STYLE = Automatic;
				CURRENT_PROJECT_VERSION = 1;
				DEVELOPMENT_TEAM = 325ATLWFWW;
				GENERATE_INFOPLIST_FILE = YES;
				IPHONEOS_DEPLOYMENT_TARGET = 16.4;
				MARKETING_VERSION = 1.0;
				PRODUCT_BUNDLE_IDENTIFIER = judy.AutolayoutExampleTests;
				PRODUCT_NAME = "$(TARGET_NAME)";
				SWIFT_EMIT_LOC_STRINGS = NO;
				SWIFT_VERSION = 5.0;
				TARGETED_DEVICE_FAMILY = "1,2";
				TEST_HOST = "$(BUILT_PRODUCTS_DIR)/AutolayoutExample.app/$(BUNDLE_EXECUTABLE_FOLDER_PATH)/AutolayoutExample";
			};
			name = Debug;
		};
		99EE1DDC2AA308580053BBDC /* Release */ = {
			isa = XCBuildConfiguration;
			buildSettings = {
				ALWAYS_EMBED_SWIFT_STANDARD_LIBRARIES = YES;
				BUNDLE_LOADER = "$(TEST_HOST)";
				CODE_SIGN_STYLE = Automatic;
				CURRENT_PROJECT_VERSION = 1;
				DEVELOPMENT_TEAM = 325ATLWFWW;
				GENERATE_INFOPLIST_FILE = YES;
				IPHONEOS_DEPLOYMENT_TARGET = 16.4;
				MARKETING_VERSION = 1.0;
				PRODUCT_BUNDLE_IDENTIFIER = judy.AutolayoutExampleTests;
				PRODUCT_NAME = "$(TARGET_NAME)";
				SWIFT_EMIT_LOC_STRINGS = NO;
				SWIFT_VERSION = 5.0;
				TARGETED_DEVICE_FAMILY = "1,2";
				TEST_HOST = "$(BUILT_PRODUCTS_DIR)/AutolayoutExample.app/$(BUNDLE_EXECUTABLE_FOLDER_PATH)/AutolayoutExample";
			};
			name = Release;
		};
		99EE1DDE2AA308580053BBDC /* Debug */ = {
			isa = XCBuildConfiguration;
			buildSettings = {
				ALWAYS_EMBED_SWIFT_STANDARD_LIBRARIES = YES;
				CODE_SIGN_STYLE = Automatic;
				CURRENT_PROJECT_VERSION = 1;
				DEVELOPMENT_TEAM = 325ATLWFWW;
				GENERATE_INFOPLIST_FILE = YES;
				MARKETING_VERSION = 1.0;
				PRODUCT_BUNDLE_IDENTIFIER = judy.AutolayoutExampleUITests;
				PRODUCT_NAME = "$(TARGET_NAME)";
				SWIFT_EMIT_LOC_STRINGS = NO;
				SWIFT_VERSION = 5.0;
				TARGETED_DEVICE_FAMILY = "1,2";
				TEST_TARGET_NAME = AutolayoutExample;
			};
			name = Debug;
		};
		99EE1DDF2AA308580053BBDC /* Release */ = {
			isa = XCBuildConfiguration;
			buildSettings = {
				ALWAYS_EMBED_SWIFT_STANDARD_LIBRARIES = YES;
				CODE_SIGN_STYLE = Automatic;
				CURRENT_PROJECT_VERSION = 1;
				DEVELOPMENT_TEAM = 325ATLWFWW;
				GENERATE_INFOPLIST_FILE = YES;
				MARKETING_VERSION = 1.0;
				PRODUCT_BUNDLE_IDENTIFIER = judy.AutolayoutExampleUITests;
				PRODUCT_NAME = "$(TARGET_NAME)";
				SWIFT_EMIT_LOC_STRINGS = NO;
				SWIFT_VERSION = 5.0;
				TARGETED_DEVICE_FAMILY = "1,2";
				TEST_TARGET_NAME = AutolayoutExample;
			};
			name = Release;
		};
/* End XCBuildConfiguration section */

/* Begin XCConfigurationList section */
		99EE1DA82AA308560053BBDC /* Build configuration list for PBXProject "AutolayoutExample" */ = {
			isa = XCConfigurationList;
			buildConfigurations = (
				99EE1DD52AA308580053BBDC /* Debug */,
				99EE1DD62AA308580053BBDC /* Release */,
			);
			defaultConfigurationIsVisible = 0;
			defaultConfigurationName = Release;
		};
		99EE1DD72AA308580053BBDC /* Build configuration list for PBXNativeTarget "AutolayoutExample" */ = {
			isa = XCConfigurationList;
			buildConfigurations = (
				99EE1DD82AA308580053BBDC /* Debug */,
				99EE1DD92AA308580053BBDC /* Release */,
			);
			defaultConfigurationIsVisible = 0;
			defaultConfigurationName = Release;
		};
		99EE1DDA2AA308580053BBDC /* Build configuration list for PBXNativeTarget "AutolayoutExampleTests" */ = {
			isa = XCConfigurationList;
			buildConfigurations = (
				99EE1DDB2AA308580053BBDC /* Debug */,
				99EE1DDC2AA308580053BBDC /* Release */,
			);
			defaultConfigurationIsVisible = 0;
			defaultConfigurationName = Release;
		};
		99EE1DDD2AA308580053BBDC /* Build configuration list for PBXNativeTarget "AutolayoutExampleUITests" */ = {
			isa = XCConfigurationList;
			buildConfigurations = (
				99EE1DDE2AA308580053BBDC /* Debug */,
				99EE1DDF2AA308580053BBDC /* Release */,
			);
			defaultConfigurationIsVisible = 0;
			defaultConfigurationName = Release;
		};
/* End XCConfigurationList section */
	};
	rootObject = 99EE1DA52AA308560053BBDC /* Project object */;
}
