// !$*UTF8*$!
{
	archiveVersion = 1;
	classes = {
	};
	objectVersion = 56;
	objects = {

/* Begin PBXBuildFile section */
		99B2A50D2AF1FABF004D8B95 /* AppDelegate.swift in Sources */ = {isa = PBXBuildFile; fileRef = 99B2A50C2AF1FABF004D8B95 /* AppDelegate.swift */; };
		99B2A50F2AF1FABF004D8B95 /* SceneDelegate.swift in Sources */ = {isa = PBXBuildFile; fileRef = 99B2A50E2AF1FABF004D8B95 /* SceneDelegate.swift */; };
		99B2A5112AF1FABF004D8B95 /* ViewController.swift in Sources */ = {isa = PBXBuildFile; fileRef = 99B2A5102AF1FABF004D8B95 /* ViewController.swift */; };
		99B2A5142AF1FABF004D8B95 /* Main.storyboard in Resources */ = {isa = PBXBuildFile; fileRef = 99B2A5122AF1FABF004D8B95 /* Main.storyboard */; };
		99B2A5162AF1FAC1004D8B95 /* Assets.xcassets in Resources */ = {isa = PBXBuildFile; fileRef = 99B2A5152AF1FAC1004D8B95 /* Assets.xcassets */; };
		99B2A5192AF1FAC1004D8B95 /* LaunchScreen.storyboard in Resources */ = {isa = PBXBuildFile; fileRef = 99B2A5172AF1FAC1004D8B95 /* LaunchScreen.storyboard */; };
		99B2A5242AF1FAC1004D8B95 /* AVAudioPlayerTests.swift in Sources */ = {isa = PBXBuildFile; fileRef = 99B2A5232AF1FAC1004D8B95 /* AVAudioPlayerTests.swift */; };
		99B2A52E2AF1FAC1004D8B95 /* AVAudioPlayerUITests.swift in Sources */ = {isa = PBXBuildFile; fileRef = 99B2A52D2AF1FAC1004D8B95 /* AVAudioPlayerUITests.swift */; };
		99B2A5302AF1FAC1004D8B95 /* AVAudioPlayerUITestsLaunchTests.swift in Sources */ = {isa = PBXBuildFile; fileRef = 99B2A52F2AF1FAC1004D8B95 /* AVAudioPlayerUITestsLaunchTests.swift */; };
/* End PBXBuildFile section */

/* Begin PBXContainerItemProxy section */
		99B2A5202AF1FAC1004D8B95 /* PBXContainerItemProxy */ = {
			isa = PBXContainerItemProxy;
			containerPortal = 99B2A5012AF1FABF004D8B95 /* Project object */;
			proxyType = 1;
			remoteGlobalIDString = 99B2A5082AF1FABF004D8B95;
			remoteInfo = AVAudioPlayer;
		};
		99B2A52A2AF1FAC1004D8B95 /* PBXContainerItemProxy */ = {
			isa = PBXContainerItemProxy;
			containerPortal = 99B2A5012AF1FABF004D8B95 /* Project object */;
			proxyType = 1;
			remoteGlobalIDString = 99B2A5082AF1FABF004D8B95;
			remoteInfo = AVAudioPlayer;
		};
/* End PBXContainerItemProxy section */

/* Begin PBXFileReference section */
		99B2A5092AF1FABF004D8B95 /* AVAudioPlayer.app */ = {isa = PBXFileReference; explicitFileType = wrapper.application; includeInIndex = 0; path = AVAudioPlayer.app; sourceTree = BUILT_PRODUCTS_DIR; };
		99B2A50C2AF1FABF004D8B95 /* AppDelegate.swift */ = {isa = PBXFileReference; lastKnownFileType = sourcecode.swift; path = AppDelegate.swift; sourceTree = "<group>"; };
		99B2A50E2AF1FABF004D8B95 /* SceneDelegate.swift */ = {isa = PBXFileReference; lastKnownFileType = sourcecode.swift; path = SceneDelegate.swift; sourceTree = "<group>"; };
		99B2A5102AF1FABF004D8B95 /* ViewController.swift */ = {isa = PBXFileReference; lastKnownFileType = sourcecode.swift; path = ViewController.swift; sourceTree = "<group>"; };
		99B2A5132AF1FABF004D8B95 /* Base */ = {isa = PBXFileReference; lastKnownFileType = file.storyboard; name = Base; path = Base.lproj/Main.storyboard; sourceTree = "<group>"; };
		99B2A5152AF1FAC1004D8B95 /* Assets.xcassets */ = {isa = PBXFileReference; lastKnownFileType = folder.assetcatalog; path = Assets.xcassets; sourceTree = "<group>"; };
		99B2A5182AF1FAC1004D8B95 /* Base */ = {isa = PBXFileReference; lastKnownFileType = file.storyboard; name = Base; path = Base.lproj/LaunchScreen.storyboard; sourceTree = "<group>"; };
		99B2A51A2AF1FAC1004D8B95 /* Info.plist */ = {isa = PBXFileReference; lastKnownFileType = text.plist.xml; path = Info.plist; sourceTree = "<group>"; };
		99B2A51F2AF1FAC1004D8B95 /* AVAudioPlayerTests.xctest */ = {isa = PBXFileReference; explicitFileType = wrapper.cfbundle; includeInIndex = 0; path = AVAudioPlayerTests.xctest; sourceTree = BUILT_PRODUCTS_DIR; };
		99B2A5232AF1FAC1004D8B95 /* AVAudioPlayerTests.swift */ = {isa = PBXFileReference; lastKnownFileType = sourcecode.swift; path = AVAudioPlayerTests.swift; sourceTree = "<group>"; };
		99B2A5292AF1FAC1004D8B95 /* AVAudioPlayerUITests.xctest */ = {isa = PBXFileReference; explicitFileType = wrapper.cfbundle; includeInIndex = 0; path = AVAudioPlayerUITests.xctest; sourceTree = BUILT_PRODUCTS_DIR; };
		99B2A52D2AF1FAC1004D8B95 /* AVAudioPlayerUITests.swift */ = {isa = PBXFileReference; lastKnownFileType = sourcecode.swift; path = AVAudioPlayerUITests.swift; sourceTree = "<group>"; };
		99B2A52F2AF1FAC1004D8B95 /* AVAudioPlayerUITestsLaunchTests.swift */ = {isa = PBXFileReference; lastKnownFileType = sourcecode.swift; path = AVAudioPlayerUITestsLaunchTests.swift; sourceTree = "<group>"; };
/* End PBXFileReference section */

/* Begin PBXFrameworksBuildPhase section */
		99B2A5062AF1FABF004D8B95 /* Frameworks */ = {
			isa = PBXFrameworksBuildPhase;
			buildActionMask = 2147483647;
			files = (
			);
			runOnlyForDeploymentPostprocessing = 0;
		};
		99B2A51C2AF1FAC1004D8B95 /* Frameworks */ = {
			isa = PBXFrameworksBuildPhase;
			buildActionMask = 2147483647;
			files = (
			);
			runOnlyForDeploymentPostprocessing = 0;
		};
		99B2A5262AF1FAC1004D8B95 /* Frameworks */ = {
			isa = PBXFrameworksBuildPhase;
			buildActionMask = 2147483647;
			files = (
			);
			runOnlyForDeploymentPostprocessing = 0;
		};
/* End PBXFrameworksBuildPhase section */

/* Begin PBXGroup section */
		99B2A5002AF1FABF004D8B95 = {
			isa = PBXGroup;
			children = (
				99B2A50B2AF1FABF004D8B95 /* AVAudioPlayer */,
				99B2A5222AF1FAC1004D8B95 /* AVAudioPlayerTests */,
				99B2A52C2AF1FAC1004D8B95 /* AVAudioPlayerUITests */,
				99B2A50A2AF1FABF004D8B95 /* Products */,
			);
			sourceTree = "<group>";
		};
		99B2A50A2AF1FABF004D8B95 /* Products */ = {
			isa = PBXGroup;
			children = (
				99B2A5092AF1FABF004D8B95 /* AVAudioPlayer.app */,
				99B2A51F2AF1FAC1004D8B95 /* AVAudioPlayerTests.xctest */,
				99B2A5292AF1FAC1004D8B95 /* AVAudioPlayerUITests.xctest */,
			);
			name = Products;
			sourceTree = "<group>";
		};
		99B2A50B2AF1FABF004D8B95 /* AVAudioPlayer */ = {
			isa = PBXGroup;
			children = (
				99B2A50C2AF1FABF004D8B95 /* AppDelegate.swift */,
				99B2A50E2AF1FABF004D8B95 /* SceneDelegate.swift */,
				99B2A5102AF1FABF004D8B95 /* ViewController.swift */,
				99B2A5122AF1FABF004D8B95 /* Main.storyboard */,
				99B2A5152AF1FAC1004D8B95 /* Assets.xcassets */,
				99B2A5172AF1FAC1004D8B95 /* LaunchScreen.storyboard */,
				99B2A51A2AF1FAC1004D8B95 /* Info.plist */,
			);
			path = AVAudioPlayer;
			sourceTree = "<group>";
		};
		99B2A5222AF1FAC1004D8B95 /* AVAudioPlayerTests */ = {
			isa = PBXGroup;
			children = (
				99B2A5232AF1FAC1004D8B95 /* AVAudioPlayerTests.swift */,
			);
			path = AVAudioPlayerTests;
			sourceTree = "<group>";
		};
		99B2A52C2AF1FAC1004D8B95 /* AVAudioPlayerUITests */ = {
			isa = PBXGroup;
			children = (
				99B2A52D2AF1FAC1004D8B95 /* AVAudioPlayerUITests.swift */,
				99B2A52F2AF1FAC1004D8B95 /* AVAudioPlayerUITestsLaunchTests.swift */,
			);
			path = AVAudioPlayerUITests;
			sourceTree = "<group>";
		};
/* End PBXGroup section */

/* Begin PBXNativeTarget section */
		99B2A5082AF1FABF004D8B95 /* AVAudioPlayer */ = {
			isa = PBXNativeTarget;
			buildConfigurationList = 99B2A5332AF1FAC1004D8B95 /* Build configuration list for PBXNativeTarget "AVAudioPlayer" */;
			buildPhases = (
				99B2A5052AF1FABF004D8B95 /* Sources */,
				99B2A5062AF1FABF004D8B95 /* Frameworks */,
				99B2A5072AF1FABF004D8B95 /* Resources */,
			);
			buildRules = (
			);
			dependencies = (
			);
			name = AVAudioPlayer;
			productName = AVAudioPlayer;
			productReference = 99B2A5092AF1FABF004D8B95 /* AVAudioPlayer.app */;
			productType = "com.apple.product-type.application";
		};
		99B2A51E2AF1FAC1004D8B95 /* AVAudioPlayerTests */ = {
			isa = PBXNativeTarget;
			buildConfigurationList = 99B2A5362AF1FAC1004D8B95 /* Build configuration list for PBXNativeTarget "AVAudioPlayerTests" */;
			buildPhases = (
				99B2A51B2AF1FAC1004D8B95 /* Sources */,
				99B2A51C2AF1FAC1004D8B95 /* Frameworks */,
				99B2A51D2AF1FAC1004D8B95 /* Resources */,
			);
			buildRules = (
			);
			dependencies = (
				99B2A5212AF1FAC1004D8B95 /* PBXTargetDependency */,
			);
			name = AVAudioPlayerTests;
			productName = AVAudioPlayerTests;
			productReference = 99B2A51F2AF1FAC1004D8B95 /* AVAudioPlayerTests.xctest */;
			productType = "com.apple.product-type.bundle.unit-test";
		};
		99B2A5282AF1FAC1004D8B95 /* AVAudioPlayerUITests */ = {
			isa = PBXNativeTarget;
			buildConfigurationList = 99B2A5392AF1FAC1004D8B95 /* Build configuration list for PBXNativeTarget "AVAudioPlayerUITests" */;
			buildPhases = (
				99B2A5252AF1FAC1004D8B95 /* Sources */,
				99B2A5262AF1FAC1004D8B95 /* Frameworks */,
				99B2A5272AF1FAC1004D8B95 /* Resources */,
			);
			buildRules = (
			);
			dependencies = (
				99B2A52B2AF1FAC1004D8B95 /* PBXTargetDependency */,
			);
			name = AVAudioPlayerUITests;
			productName = AVAudioPlayerUITests;
			productReference = 99B2A5292AF1FAC1004D8B95 /* AVAudioPlayerUITests.xctest */;
			productType = "com.apple.product-type.bundle.ui-testing";
		};
/* End PBXNativeTarget section */

/* Begin PBXProject section */
		99B2A5012AF1FABF004D8B95 /* Project object */ = {
			isa = PBXProject;
			attributes = {
				BuildIndependentTargetsInParallel = 1;
				LastSwiftUpdateCheck = 1430;
				LastUpgradeCheck = 1430;
				TargetAttributes = {
					99B2A5082AF1FABF004D8B95 = {
						CreatedOnToolsVersion = 14.3.1;
					};
					99B2A51E2AF1FAC1004D8B95 = {
						CreatedOnToolsVersion = 14.3.1;
						TestTargetID = 99B2A5082AF1FABF004D8B95;
					};
					99B2A5282AF1FAC1004D8B95 = {
						CreatedOnToolsVersion = 14.3.1;
						TestTargetID = 99B2A5082AF1FABF004D8B95;
					};
				};
			};
			buildConfigurationList = 99B2A5042AF1FABF004D8B95 /* Build configuration list for PBXProject "AVAudioPlayer" */;
			compatibilityVersion = "Xcode 14.0";
			developmentRegion = en;
			hasScannedForEncodings = 0;
			knownRegions = (
				en,
				Base,
			);
			mainGroup = 99B2A5002AF1FABF004D8B95;
			productRefGroup = 99B2A50A2AF1FABF004D8B95 /* Products */;
			projectDirPath = "";
			projectRoot = "";
			targets = (
				99B2A5082AF1FABF004D8B95 /* AVAudioPlayer */,
				99B2A51E2AF1FAC1004D8B95 /* AVAudioPlayerTests */,
				99B2A5282AF1FAC1004D8B95 /* AVAudioPlayerUITests */,
			);
		};
/* End PBXProject section */

/* Begin PBXResourcesBuildPhase section */
		99B2A5072AF1FABF004D8B95 /* Resources */ = {
			isa = PBXResourcesBuildPhase;
			buildActionMask = 2147483647;
			files = (
				99B2A5192AF1FAC1004D8B95 /* LaunchScreen.storyboard in Resources */,
				99B2A5162AF1FAC1004D8B95 /* Assets.xcassets in Resources */,
				99B2A5142AF1FABF004D8B95 /* Main.storyboard in Resources */,
			);
			runOnlyForDeploymentPostprocessing = 0;
		};
		99B2A51D2AF1FAC1004D8B95 /* Resources */ = {
			isa = PBXResourcesBuildPhase;
			buildActionMask = 2147483647;
			files = (
			);
			runOnlyForDeploymentPostprocessing = 0;
		};
		99B2A5272AF1FAC1004D8B95 /* Resources */ = {
			isa = PBXResourcesBuildPhase;
			buildActionMask = 2147483647;
			files = (
			);
			runOnlyForDeploymentPostprocessing = 0;
		};
/* End PBXResourcesBuildPhase section */

/* Begin PBXSourcesBuildPhase section */
		99B2A5052AF1FABF004D8B95 /* Sources */ = {
			isa = PBXSourcesBuildPhase;
			buildActionMask = 2147483647;
			files = (
				99B2A5112AF1FABF004D8B95 /* ViewController.swift in Sources */,
				99B2A50D2AF1FABF004D8B95 /* AppDelegate.swift in Sources */,
				99B2A50F2AF1FABF004D8B95 /* SceneDelegate.swift in Sources */,
			);
			runOnlyForDeploymentPostprocessing = 0;
		};
		99B2A51B2AF1FAC1004D8B95 /* Sources */ = {
			isa = PBXSourcesBuildPhase;
			buildActionMask = 2147483647;
			files = (
				99B2A5242AF1FAC1004D8B95 /* AVAudioPlayerTests.swift in Sources */,
			);
			runOnlyForDeploymentPostprocessing = 0;
		};
		99B2A5252AF1FAC1004D8B95 /* Sources */ = {
			isa = PBXSourcesBuildPhase;
			buildActionMask = 2147483647;
			files = (
				99B2A52E2AF1FAC1004D8B95 /* AVAudioPlayerUITests.swift in Sources */,
				99B2A5302AF1FAC1004D8B95 /* AVAudioPlayerUITestsLaunchTests.swift in Sources */,
			);
			runOnlyForDeploymentPostprocessing = 0;
		};
/* End PBXSourcesBuildPhase section */

/* Begin PBXTargetDependency section */
		99B2A5212AF1FAC1004D8B95 /* PBXTargetDependency */ = {
			isa = PBXTargetDependency;
			target = 99B2A5082AF1FABF004D8B95 /* AVAudioPlayer */;
			targetProxy = 99B2A5202AF1FAC1004D8B95 /* PBXContainerItemProxy */;
		};
		99B2A52B2AF1FAC1004D8B95 /* PBXTargetDependency */ = {
			isa = PBXTargetDependency;
			target = 99B2A5082AF1FABF004D8B95 /* AVAudioPlayer */;
			targetProxy = 99B2A52A2AF1FAC1004D8B95 /* PBXContainerItemProxy */;
		};
/* End PBXTargetDependency section */

/* Begin PBXVariantGroup section */
		99B2A5122AF1FABF004D8B95 /* Main.storyboard */ = {
			isa = PBXVariantGroup;
			children = (
				99B2A5132AF1FABF004D8B95 /* Base */,
			);
			name = Main.storyboard;
			sourceTree = "<group>";
		};
		99B2A5172AF1FAC1004D8B95 /* LaunchScreen.storyboard */ = {
			isa = PBXVariantGroup;
			children = (
				99B2A5182AF1FAC1004D8B95 /* Base */,
			);
			name = LaunchScreen.storyboard;
			sourceTree = "<group>";
		};
/* End PBXVariantGroup section */

/* Begin XCBuildConfiguration section */
		99B2A5312AF1FAC1004D8B95 /* Debug */ = {
			isa = XCBuildConfiguration;
			buildSettings = {
				ALWAYS_SEARCH_USER_PATHS = NO;
				CLANG_ANALYZER_NONNULL = YES;
				CLANG_ANALYZER_NUMBER_OBJECT_CONVERSION = YES_AGGRESSIVE;
				CLANG_CXX_LANGUAGE_STANDARD = "gnu++20";
				CLANG_ENABLE_MODULES = YES;
				CLANG_ENABLE_OBJC_ARC = YES;
				CLANG_ENABLE_OBJC_WEAK = YES;
				CLANG_WARN_BLOCK_CAPTURE_AUTORELEASING = YES;
				CLANG_WARN_BOOL_CONVERSION = YES;
				CLANG_WARN_COMMA = YES;
				CLANG_WARN_CONSTANT_CONVERSION = YES;
				CLANG_WARN_DEPRECATED_OBJC_IMPLEMENTATIONS = YES;
				CLANG_WARN_DIRECT_OBJC_ISA_USAGE = YES_ERROR;
				CLANG_WARN_DOCUMENTATION_COMMENTS = YES;
				CLANG_WARN_EMPTY_BODY = YES;
				CLANG_WARN_ENUM_CONVERSION = YES;
				CLANG_WARN_INFINITE_RECURSION = YES;
				CLANG_WARN_INT_CONVERSION = YES;
				CLANG_WARN_NON_LITERAL_NULL_CONVERSION = YES;
				CLANG_WARN_OBJC_IMPLICIT_RETAIN_SELF = YES;
				CLANG_WARN_OBJC_LITERAL_CONVERSION = YES;
				CLANG_WARN_OBJC_ROOT_CLASS = YES_ERROR;
				CLANG_WARN_QUOTED_INCLUDE_IN_FRAMEWORK_HEADER = YES;
				CLANG_WARN_RANGE_LOOP_ANALYSIS = YES;
				CLANG_WARN_STRICT_PROTOTYPES = YES;
				CLANG_WARN_SUSPICIOUS_MOVE = YES;
				CLANG_WARN_UNGUARDED_AVAILABILITY = YES_AGGRESSIVE;
				CLANG_WARN_UNREACHABLE_CODE = YES;
				CLANG_WARN__DUPLICATE_METHOD_MATCH = YES;
				COPY_PHASE_STRIP = NO;
				DEBUG_INFORMATION_FORMAT = dwarf;
				ENABLE_STRICT_OBJC_MSGSEND = YES;
				ENABLE_TESTABILITY = YES;
				GCC_C_LANGUAGE_STANDARD = gnu11;
				GCC_DYNAMIC_NO_PIC = NO;
				GCC_NO_COMMON_BLOCKS = YES;
				GCC_OPTIMIZATION_LEVEL = 0;
				GCC_PREPROCESSOR_DEFINITIONS = (
					"DEBUG=1",
					"$(inherited)",
				);
				GCC_WARN_64_TO_32_BIT_CONVERSION = YES;
				GCC_WARN_ABOUT_RETURN_TYPE = YES_ERROR;
				GCC_WARN_UNDECLARED_SELECTOR = YES;
				GCC_WARN_UNINITIALIZED_AUTOS = YES_AGGRESSIVE;
				GCC_WARN_UNUSED_FUNCTION = YES;
				GCC_WARN_UNUSED_VARIABLE = YES;
				IPHONEOS_DEPLOYMENT_TARGET = 16.4;
				MTL_ENABLE_DEBUG_INFO = INCLUDE_SOURCE;
				MTL_FAST_MATH = YES;
				ONLY_ACTIVE_ARCH = YES;
				SDKROOT = iphoneos;
				SWIFT_ACTIVE_COMPILATION_CONDITIONS = DEBUG;
				SWIFT_OPTIMIZATION_LEVEL = "-Onone";
			};
			name = Debug;
		};
		99B2A5322AF1FAC1004D8B95 /* Release */ = {
			isa = XCBuildConfiguration;
			buildSettings = {
				ALWAYS_SEARCH_USER_PATHS = NO;
				CLANG_ANALYZER_NONNULL = YES;
				CLANG_ANALYZER_NUMBER_OBJECT_CONVERSION = YES_AGGRESSIVE;
				CLANG_CXX_LANGUAGE_STANDARD = "gnu++20";
				CLANG_ENABLE_MODULES = YES;
				CLANG_ENABLE_OBJC_ARC = YES;
				CLANG_ENABLE_OBJC_WEAK = YES;
				CLANG_WARN_BLOCK_CAPTURE_AUTORELEASING = YES;
				CLANG_WARN_BOOL_CONVERSION = YES;
				CLANG_WARN_COMMA = YES;
				CLANG_WARN_CONSTANT_CONVERSION = YES;
				CLANG_WARN_DEPRECATED_OBJC_IMPLEMENTATIONS = YES;
				CLANG_WARN_DIRECT_OBJC_ISA_USAGE = YES_ERROR;
				CLANG_WARN_DOCUMENTATION_COMMENTS = YES;
				CLANG_WARN_EMPTY_BODY = YES;
				CLANG_WARN_ENUM_CONVERSION = YES;
				CLANG_WARN_INFINITE_RECURSION = YES;
				CLANG_WARN_INT_CONVERSION = YES;
				CLANG_WARN_NON_LITERAL_NULL_CONVERSION = YES;
				CLANG_WARN_OBJC_IMPLICIT_RETAIN_SELF = YES;
				CLANG_WARN_OBJC_LITERAL_CONVERSION = YES;
				CLANG_WARN_OBJC_ROOT_CLASS = YES_ERROR;
				CLANG_WARN_QUOTED_INCLUDE_IN_FRAMEWORK_HEADER = YES;
				CLANG_WARN_RANGE_LOOP_ANALYSIS = YES;
				CLANG_WARN_STRICT_PROTOTYPES = YES;
				CLANG_WARN_SUSPICIOUS_MOVE = YES;
				CLANG_WARN_UNGUARDED_AVAILABILITY = YES_AGGRESSIVE;
				CLANG_WARN_UNREACHABLE_CODE = YES;
				CLANG_WARN__DUPLICATE_METHOD_MATCH = YES;
				COPY_PHASE_STRIP = NO;
				DEBUG_INFORMATION_FORMAT = "dwarf-with-dsym";
				ENABLE_NS_ASSERTIONS = NO;
				ENABLE_STRICT_OBJC_MSGSEND = YES;
				GCC_C_LANGUAGE_STANDARD = gnu11;
				GCC_NO_COMMON_BLOCKS = YES;
				GCC_WARN_64_TO_32_BIT_CONVERSION = YES;
				GCC_WARN_ABOUT_RETURN_TYPE = YES_ERROR;
				GCC_WARN_UNDECLARED_SELECTOR = YES;
				GCC_WARN_UNINITIALIZED_AUTOS = YES_AGGRESSIVE;
				GCC_WARN_UNUSED_FUNCTION = YES;
				GCC_WARN_UNUSED_VARIABLE = YES;
				IPHONEOS_DEPLOYMENT_TARGET = 16.4;
				MTL_ENABLE_DEBUG_INFO = NO;
				MTL_FAST_MATH = YES;
				SDKROOT = iphoneos;
				SWIFT_COMPILATION_MODE = wholemodule;
				SWIFT_OPTIMIZATION_LEVEL = "-O";
				VALIDATE_PRODUCT = YES;
			};
			name = Release;
		};
		99B2A5342AF1FAC1004D8B95 /* Debug */ = {
			isa = XCBuildConfiguration;
			buildSettings = {
				ASSETCATALOG_COMPILER_APPICON_NAME = AppIcon;
				ASSETCATALOG_COMPILER_GLOBAL_ACCENT_COLOR_NAME = AccentColor;
				CODE_SIGN_STYLE = Automatic;
				CURRENT_PROJECT_VERSION = 1;
				GENERATE_INFOPLIST_FILE = YES;
				INFOPLIST_FILE = AVAudioPlayer/Info.plist;
				INFOPLIST_KEY_UIApplicationSupportsIndirectInputEvents = YES;
				INFOPLIST_KEY_UILaunchStoryboardName = LaunchScreen;
				INFOPLIST_KEY_UIMainStoryboardFile = Main;
				INFOPLIST_KEY_UISupportedInterfaceOrientations_iPad = "UIInterfaceOrientationPortrait UIInterfaceOrientationPortraitUpsideDown UIInterfaceOrientationLandscapeLeft UIInterfaceOrientationLandscapeRight";
				INFOPLIST_KEY_UISupportedInterfaceOrientations_iPhone = "UIInterfaceOrientationPortrait UIInterfaceOrientationLandscapeLeft UIInterfaceOrientationLandscapeRight";
				LD_RUNPATH_SEARCH_PATHS = (
					"$(inherited)",
					"@executable_path/Frameworks",
				);
				MARKETING_VERSION = 1.0;
				PRODUCT_BUNDLE_IDENTIFIER = judy.AVAudioPlayer;
				PRODUCT_NAME = "$(TARGET_NAME)";
				SWIFT_EMIT_LOC_STRINGS = YES;
				SWIFT_VERSION = 5.0;
				TARGETED_DEVICE_FAMILY = "1,2";
			};
			name = Debug;
		};
		99B2A5352AF1FAC1004D8B95 /* Release */ = {
			isa = XCBuildConfiguration;
			buildSettings = {
				ASSETCATALOG_COMPILER_APPICON_NAME = AppIcon;
				ASSETCATALOG_COMPILER_GLOBAL_ACCENT_COLOR_NAME = AccentColor;
				CODE_SIGN_STYLE = Automatic;
				CURRENT_PROJECT_VERSION = 1;
				GENERATE_INFOPLIST_FILE = YES;
				INFOPLIST_FILE = AVAudioPlayer/Info.plist;
				INFOPLIST_KEY_UIApplicationSupportsIndirectInputEvents = YES;
				INFOPLIST_KEY_UILaunchStoryboardName = LaunchScreen;
				INFOPLIST_KEY_UIMainStoryboardFile = Main;
				INFOPLIST_KEY_UISupportedInterfaceOrientations_iPad = "UIInterfaceOrientationPortrait UIInterfaceOrientationPortraitUpsideDown UIInterfaceOrientationLandscapeLeft UIInterfaceOrientationLandscapeRight";
				INFOPLIST_KEY_UISupportedInterfaceOrientations_iPhone = "UIInterfaceOrientationPortrait UIInterfaceOrientationLandscapeLeft UIInterfaceOrientationLandscapeRight";
				LD_RUNPATH_SEARCH_PATHS = (
					"$(inherited)",
					"@executable_path/Frameworks",
				);
				MARKETING_VERSION = 1.0;
				PRODUCT_BUNDLE_IDENTIFIER = judy.AVAudioPlayer;
				PRODUCT_NAME = "$(TARGET_NAME)";
				SWIFT_EMIT_LOC_STRINGS = YES;
				SWIFT_VERSION = 5.0;
				TARGETED_DEVICE_FAMILY = "1,2";
			};
			name = Release;
		};
		99B2A5372AF1FAC1004D8B95 /* Debug */ = {
			isa = XCBuildConfiguration;
			buildSettings = {
				ALWAYS_EMBED_SWIFT_STANDARD_LIBRARIES = YES;
				BUNDLE_LOADER = "$(TEST_HOST)";
				CODE_SIGN_STYLE = Automatic;
				CURRENT_PROJECT_VERSION = 1;
				GENERATE_INFOPLIST_FILE = YES;
				IPHONEOS_DEPLOYMENT_TARGET = 16.4;
				MARKETING_VERSION = 1.0;
				PRODUCT_BUNDLE_IDENTIFIER = judy.AVAudioPlayerTests;
				PRODUCT_NAME = "$(TARGET_NAME)";
				SWIFT_EMIT_LOC_STRINGS = NO;
				SWIFT_VERSION = 5.0;
				TARGETED_DEVICE_FAMILY = "1,2";
				TEST_HOST = "$(BUILT_PRODUCTS_DIR)/AVAudioPlayer.app/$(BUNDLE_EXECUTABLE_FOLDER_PATH)/AVAudioPlayer";
			};
			name = Debug;
		};
		99B2A5382AF1FAC1004D8B95 /* Release */ = {
			isa = XCBuildConfiguration;
			buildSettings = {
				ALWAYS_EMBED_SWIFT_STANDARD_LIBRARIES = YES;
				BUNDLE_LOADER = "$(TEST_HOST)";
				CODE_SIGN_STYLE = Automatic;
				CURRENT_PROJECT_VERSION = 1;
				GENERATE_INFOPLIST_FILE = YES;
				IPHONEOS_DEPLOYMENT_TARGET = 16.4;
				MARKETING_VERSION = 1.0;
				PRODUCT_BUNDLE_IDENTIFIER = judy.AVAudioPlayerTests;
				PRODUCT_NAME = "$(TARGET_NAME)";
				SWIFT_EMIT_LOC_STRINGS = NO;
				SWIFT_VERSION = 5.0;
				TARGETED_DEVICE_FAMILY = "1,2";
				TEST_HOST = "$(BUILT_PRODUCTS_DIR)/AVAudioPlayer.app/$(BUNDLE_EXECUTABLE_FOLDER_PATH)/AVAudioPlayer";
			};
			name = Release;
		};
		99B2A53A2AF1FAC1004D8B95 /* Debug */ = {
			isa = XCBuildConfiguration;
			buildSettings = {
				ALWAYS_EMBED_SWIFT_STANDARD_LIBRARIES = YES;
				CODE_SIGN_STYLE = Automatic;
				CURRENT_PROJECT_VERSION = 1;
				GENERATE_INFOPLIST_FILE = YES;
				MARKETING_VERSION = 1.0;
				PRODUCT_BUNDLE_IDENTIFIER = judy.AVAudioPlayerUITests;
				PRODUCT_NAME = "$(TARGET_NAME)";
				SWIFT_EMIT_LOC_STRINGS = NO;
				SWIFT_VERSION = 5.0;
				TARGETED_DEVICE_FAMILY = "1,2";
				TEST_TARGET_NAME = AVAudioPlayer;
			};
			name = Debug;
		};
		99B2A53B2AF1FAC1004D8B95 /* Release */ = {
			isa = XCBuildConfiguration;
			buildSettings = {
				ALWAYS_EMBED_SWIFT_STANDARD_LIBRARIES = YES;
				CODE_SIGN_STYLE = Automatic;
				CURRENT_PROJECT_VERSION = 1;
				GENERATE_INFOPLIST_FILE = YES;
				MARKETING_VERSION = 1.0;
				PRODUCT_BUNDLE_IDENTIFIER = judy.AVAudioPlayerUITests;
				PRODUCT_NAME = "$(TARGET_NAME)";
				SWIFT_EMIT_LOC_STRINGS = NO;
				SWIFT_VERSION = 5.0;
				TARGETED_DEVICE_FAMILY = "1,2";
				TEST_TARGET_NAME = AVAudioPlayer;
			};
			name = Release;
		};
/* End XCBuildConfiguration section */

/* Begin XCConfigurationList section */
		99B2A5042AF1FABF004D8B95 /* Build configuration list for PBXProject "AVAudioPlayer" */ = {
			isa = XCConfigurationList;
			buildConfigurations = (
				99B2A5312AF1FAC1004D8B95 /* Debug */,
				99B2A5322AF1FAC1004D8B95 /* Release */,
			);
			defaultConfigurationIsVisible = 0;
			defaultConfigurationName = Release;
		};
		99B2A5332AF1FAC1004D8B95 /* Build configuration list for PBXNativeTarget "AVAudioPlayer" */ = {
			isa = XCConfigurationList;
			buildConfigurations = (
				99B2A5342AF1FAC1004D8B95 /* Debug */,
				99B2A5352AF1FAC1004D8B95 /* Release */,
			);
			defaultConfigurationIsVisible = 0;
			defaultConfigurationName = Release;
		};
		99B2A5362AF1FAC1004D8B95 /* Build configuration list for PBXNativeTarget "AVAudioPlayerTests" */ = {
			isa = XCConfigurationList;
			buildConfigurations = (
				99B2A5372AF1FAC1004D8B95 /* Debug */,
				99B2A5382AF1FAC1004D8B95 /* Release */,
			);
			defaultConfigurationIsVisible = 0;
			defaultConfigurationName = Release;
		};
		99B2A5392AF1FAC1004D8B95 /* Build configuration list for PBXNativeTarget "AVAudioPlayerUITests" */ = {
			isa = XCConfigurationList;
			buildConfigurations = (
				99B2A53A2AF1FAC1004D8B95 /* Debug */,
				99B2A53B2AF1FAC1004D8B95 /* Release */,
			);
			defaultConfigurationIsVisible = 0;
			defaultConfigurationName = Release;
		};
/* End XCConfigurationList section */
	};
	rootObject = 99B2A5012AF1FABF004D8B95 /* Project object */;
}
