// !$*UTF8*$!
{
	archiveVersion = 1;
	classes = {
	};
	objectVersion = 56;
	objects = {

/* Begin PBXBuildFile section */
		9910512F2AC26B7800C678E7 /* Alert.swift in Sources */ = {isa = PBXBuildFile; fileRef = 9910512E2AC26B7800C678E7 /* Alert.swift */; };
		991051312AC27BC300C678E7 /* AddAlertViewController.swift in Sources */ = {isa = PBXBuildFile; fileRef = 991051302AC27BC300C678E7 /* AddAlertViewController.swift */; };
		996568022AC6ED4100187EF2 /* UNNotificationCenter.swift in Sources */ = {isa = PBXBuildFile; fileRef = 996568012AC6ED4100187EF2 /* UNNotificationCenter.swift */; };
		99AA63422AC2667B00034891 /* AlertListCell.swift in Sources */ = {isa = PBXBuildFile; fileRef = 99AA63402AC2667B00034891 /* AlertListCell.swift */; };
		99AA63432AC2667B00034891 /* AlertListCell.xib in Resources */ = {isa = PBXBuildFile; fileRef = 99AA63412AC2667B00034891 /* AlertListCell.xib */; };
		99BCD4FD2AC2635F00997225 /* AppDelegate.swift in Sources */ = {isa = PBXBuildFile; fileRef = 99BCD4FC2AC2635F00997225 /* AppDelegate.swift */; };
		99BCD4FF2AC2635F00997225 /* SceneDelegate.swift in Sources */ = {isa = PBXBuildFile; fileRef = 99BCD4FE2AC2635F00997225 /* SceneDelegate.swift */; };
		99BCD5012AC2635F00997225 /* ViewController.swift in Sources */ = {isa = PBXBuildFile; fileRef = 99BCD5002AC2635F00997225 /* ViewController.swift */; };
		99BCD5042AC2635F00997225 /* Main.storyboard in Resources */ = {isa = PBXBuildFile; fileRef = 99BCD5022AC2635F00997225 /* Main.storyboard */; };
		99BCD5062AC2636000997225 /* Assets.xcassets in Resources */ = {isa = PBXBuildFile; fileRef = 99BCD5052AC2636000997225 /* Assets.xcassets */; };
		99BCD5092AC2636000997225 /* LaunchScreen.storyboard in Resources */ = {isa = PBXBuildFile; fileRef = 99BCD5072AC2636000997225 /* LaunchScreen.storyboard */; };
		99BCD5142AC2636000997225 /* DrinkTests.swift in Sources */ = {isa = PBXBuildFile; fileRef = 99BCD5132AC2636000997225 /* DrinkTests.swift */; };
		99BCD51E2AC2636000997225 /* DrinkUITests.swift in Sources */ = {isa = PBXBuildFile; fileRef = 99BCD51D2AC2636000997225 /* DrinkUITests.swift */; };
		99BCD5202AC2636000997225 /* DrinkUITestsLaunchTests.swift in Sources */ = {isa = PBXBuildFile; fileRef = 99BCD51F2AC2636000997225 /* DrinkUITestsLaunchTests.swift */; };
		99BCD52D2AC2639100997225 /* AlertListViewController.swift in Sources */ = {isa = PBXBuildFile; fileRef = 99BCD52C2AC2639100997225 /* AlertListViewController.swift */; };
/* End PBXBuildFile section */

/* Begin PBXContainerItemProxy section */
		99BCD5102AC2636000997225 /* PBXContainerItemProxy */ = {
			isa = PBXContainerItemProxy;
			containerPortal = 99BCD4F12AC2635F00997225 /* Project object */;
			proxyType = 1;
			remoteGlobalIDString = 99BCD4F82AC2635F00997225;
			remoteInfo = Drink;
		};
		99BCD51A2AC2636000997225 /* PBXContainerItemProxy */ = {
			isa = PBXContainerItemProxy;
			containerPortal = 99BCD4F12AC2635F00997225 /* Project object */;
			proxyType = 1;
			remoteGlobalIDString = 99BCD4F82AC2635F00997225;
			remoteInfo = Drink;
		};
/* End PBXContainerItemProxy section */

/* Begin PBXFileReference section */
		9910512E2AC26B7800C678E7 /* Alert.swift */ = {isa = PBXFileReference; lastKnownFileType = sourcecode.swift; path = Alert.swift; sourceTree = "<group>"; };
		991051302AC27BC300C678E7 /* AddAlertViewController.swift */ = {isa = PBXFileReference; lastKnownFileType = sourcecode.swift; path = AddAlertViewController.swift; sourceTree = "<group>"; };
		996568012AC6ED4100187EF2 /* UNNotificationCenter.swift */ = {isa = PBXFileReference; lastKnownFileType = sourcecode.swift; path = UNNotificationCenter.swift; sourceTree = "<group>"; };
		99AA63402AC2667B00034891 /* AlertListCell.swift */ = {isa = PBXFileReference; lastKnownFileType = sourcecode.swift; path = AlertListCell.swift; sourceTree = "<group>"; };
		99AA63412AC2667B00034891 /* AlertListCell.xib */ = {isa = PBXFileReference; lastKnownFileType = file.xib; path = AlertListCell.xib; sourceTree = "<group>"; };
		99BCD4F92AC2635F00997225 /* Drink.app */ = {isa = PBXFileReference; explicitFileType = wrapper.application; includeInIndex = 0; path = Drink.app; sourceTree = BUILT_PRODUCTS_DIR; };
		99BCD4FC2AC2635F00997225 /* AppDelegate.swift */ = {isa = PBXFileReference; lastKnownFileType = sourcecode.swift; path = AppDelegate.swift; sourceTree = "<group>"; };
		99BCD4FE2AC2635F00997225 /* SceneDelegate.swift */ = {isa = PBXFileReference; lastKnownFileType = sourcecode.swift; path = SceneDelegate.swift; sourceTree = "<group>"; };
		99BCD5002AC2635F00997225 /* ViewController.swift */ = {isa = PBXFileReference; lastKnownFileType = sourcecode.swift; path = ViewController.swift; sourceTree = "<group>"; };
		99BCD5032AC2635F00997225 /* Base */ = {isa = PBXFileReference; lastKnownFileType = file.storyboard; name = Base; path = Base.lproj/Main.storyboard; sourceTree = "<group>"; };
		99BCD5052AC2636000997225 /* Assets.xcassets */ = {isa = PBXFileReference; lastKnownFileType = folder.assetcatalog; path = Assets.xcassets; sourceTree = "<group>"; };
		99BCD5082AC2636000997225 /* Base */ = {isa = PBXFileReference; lastKnownFileType = file.storyboard; name = Base; path = Base.lproj/LaunchScreen.storyboard; sourceTree = "<group>"; };
		99BCD50A2AC2636000997225 /* Info.plist */ = {isa = PBXFileReference; lastKnownFileType = text.plist.xml; path = Info.plist; sourceTree = "<group>"; };
		99BCD50F2AC2636000997225 /* DrinkTests.xctest */ = {isa = PBXFileReference; explicitFileType = wrapper.cfbundle; includeInIndex = 0; path = DrinkTests.xctest; sourceTree = BUILT_PRODUCTS_DIR; };
		99BCD5132AC2636000997225 /* DrinkTests.swift */ = {isa = PBXFileReference; lastKnownFileType = sourcecode.swift; path = DrinkTests.swift; sourceTree = "<group>"; };
		99BCD5192AC2636000997225 /* DrinkUITests.xctest */ = {isa = PBXFileReference; explicitFileType = wrapper.cfbundle; includeInIndex = 0; path = DrinkUITests.xctest; sourceTree = BUILT_PRODUCTS_DIR; };
		99BCD51D2AC2636000997225 /* DrinkUITests.swift */ = {isa = PBXFileReference; lastKnownFileType = sourcecode.swift; path = DrinkUITests.swift; sourceTree = "<group>"; };
		99BCD51F2AC2636000997225 /* DrinkUITestsLaunchTests.swift */ = {isa = PBXFileReference; lastKnownFileType = sourcecode.swift; path = DrinkUITestsLaunchTests.swift; sourceTree = "<group>"; };
		99BCD52C2AC2639100997225 /* AlertListViewController.swift */ = {isa = PBXFileReference; lastKnownFileType = sourcecode.swift; path = AlertListViewController.swift; sourceTree = "<group>"; };
/* End PBXFileReference section */

/* Begin PBXFrameworksBuildPhase section */
		99BCD4F62AC2635F00997225 /* Frameworks */ = {
			isa = PBXFrameworksBuildPhase;
			buildActionMask = 2147483647;
			files = (
			);
			runOnlyForDeploymentPostprocessing = 0;
		};
		99BCD50C2AC2636000997225 /* Frameworks */ = {
			isa = PBXFrameworksBuildPhase;
			buildActionMask = 2147483647;
			files = (
			);
			runOnlyForDeploymentPostprocessing = 0;
		};
		99BCD5162AC2636000997225 /* Frameworks */ = {
			isa = PBXFrameworksBuildPhase;
			buildActionMask = 2147483647;
			files = (
			);
			runOnlyForDeploymentPostprocessing = 0;
		};
/* End PBXFrameworksBuildPhase section */

/* Begin PBXGroup section */
		99BCD4F02AC2635F00997225 = {
			isa = PBXGroup;
			children = (
				99BCD4FB2AC2635F00997225 /* Drink */,
				99BCD5122AC2636000997225 /* DrinkTests */,
				99BCD51C2AC2636000997225 /* DrinkUITests */,
				99BCD4FA2AC2635F00997225 /* Products */,
			);
			sourceTree = "<group>";
		};
		99BCD4FA2AC2635F00997225 /* Products */ = {
			isa = PBXGroup;
			children = (
				99BCD4F92AC2635F00997225 /* Drink.app */,
				99BCD50F2AC2636000997225 /* DrinkTests.xctest */,
				99BCD5192AC2636000997225 /* DrinkUITests.xctest */,
			);
			name = Products;
			sourceTree = "<group>";
		};
		99BCD4FB2AC2635F00997225 /* Drink */ = {
			isa = PBXGroup;
			children = (
				99BCD4FC2AC2635F00997225 /* AppDelegate.swift */,
				99BCD4FE2AC2635F00997225 /* SceneDelegate.swift */,
				99BCD5002AC2635F00997225 /* ViewController.swift */,
				99BCD5022AC2635F00997225 /* Main.storyboard */,
				99BCD5052AC2636000997225 /* Assets.xcassets */,
				99BCD5072AC2636000997225 /* LaunchScreen.storyboard */,
				99BCD50A2AC2636000997225 /* Info.plist */,
				99BCD52C2AC2639100997225 /* AlertListViewController.swift */,
				99AA63402AC2667B00034891 /* AlertListCell.swift */,
				99AA63412AC2667B00034891 /* AlertListCell.xib */,
				9910512E2AC26B7800C678E7 /* Alert.swift */,
				991051302AC27BC300C678E7 /* AddAlertViewController.swift */,
				996568012AC6ED4100187EF2 /* UNNotificationCenter.swift */,
			);
			path = Drink;
			sourceTree = "<group>";
		};
		99BCD5122AC2636000997225 /* DrinkTests */ = {
			isa = PBXGroup;
			children = (
				99BCD5132AC2636000997225 /* DrinkTests.swift */,
			);
			path = DrinkTests;
			sourceTree = "<group>";
		};
		99BCD51C2AC2636000997225 /* DrinkUITests */ = {
			isa = PBXGroup;
			children = (
				99BCD51D2AC2636000997225 /* DrinkUITests.swift */,
				99BCD51F2AC2636000997225 /* DrinkUITestsLaunchTests.swift */,
			);
			path = DrinkUITests;
			sourceTree = "<group>";
		};
/* End PBXGroup section */

/* Begin PBXNativeTarget section */
		99BCD4F82AC2635F00997225 /* Drink */ = {
			isa = PBXNativeTarget;
			buildConfigurationList = 99BCD5232AC2636000997225 /* Build configuration list for PBXNativeTarget "Drink" */;
			buildPhases = (
				99BCD4F52AC2635F00997225 /* Sources */,
				99BCD4F62AC2635F00997225 /* Frameworks */,
				99BCD4F72AC2635F00997225 /* Resources */,
			);
			buildRules = (
			);
			dependencies = (
			);
			name = Drink;
			productName = Drink;
			productReference = 99BCD4F92AC2635F00997225 /* Drink.app */;
			productType = "com.apple.product-type.application";
		};
		99BCD50E2AC2636000997225 /* DrinkTests */ = {
			isa = PBXNativeTarget;
			buildConfigurationList = 99BCD5262AC2636000997225 /* Build configuration list for PBXNativeTarget "DrinkTests" */;
			buildPhases = (
				99BCD50B2AC2636000997225 /* Sources */,
				99BCD50C2AC2636000997225 /* Frameworks */,
				99BCD50D2AC2636000997225 /* Resources */,
			);
			buildRules = (
			);
			dependencies = (
				99BCD5112AC2636000997225 /* PBXTargetDependency */,
			);
			name = DrinkTests;
			productName = DrinkTests;
			productReference = 99BCD50F2AC2636000997225 /* DrinkTests.xctest */;
			productType = "com.apple.product-type.bundle.unit-test";
		};
		99BCD5182AC2636000997225 /* DrinkUITests */ = {
			isa = PBXNativeTarget;
			buildConfigurationList = 99BCD5292AC2636000997225 /* Build configuration list for PBXNativeTarget "DrinkUITests" */;
			buildPhases = (
				99BCD5152AC2636000997225 /* Sources */,
				99BCD5162AC2636000997225 /* Frameworks */,
				99BCD5172AC2636000997225 /* Resources */,
			);
			buildRules = (
			);
			dependencies = (
				99BCD51B2AC2636000997225 /* PBXTargetDependency */,
			);
			name = DrinkUITests;
			productName = DrinkUITests;
			productReference = 99BCD5192AC2636000997225 /* DrinkUITests.xctest */;
			productType = "com.apple.product-type.bundle.ui-testing";
		};
/* End PBXNativeTarget section */

/* Begin PBXProject section */
		99BCD4F12AC2635F00997225 /* Project object */ = {
			isa = PBXProject;
			attributes = {
				BuildIndependentTargetsInParallel = 1;
				LastSwiftUpdateCheck = 1430;
				LastUpgradeCheck = 1430;
				TargetAttributes = {
					99BCD4F82AC2635F00997225 = {
						CreatedOnToolsVersion = 14.3.1;
					};
					99BCD50E2AC2636000997225 = {
						CreatedOnToolsVersion = 14.3.1;
						TestTargetID = 99BCD4F82AC2635F00997225;
					};
					99BCD5182AC2636000997225 = {
						CreatedOnToolsVersion = 14.3.1;
						TestTargetID = 99BCD4F82AC2635F00997225;
					};
				};
			};
			buildConfigurationList = 99BCD4F42AC2635F00997225 /* Build configuration list for PBXProject "Drink" */;
			compatibilityVersion = "Xcode 14.0";
			developmentRegion = en;
			hasScannedForEncodings = 0;
			knownRegions = (
				en,
				Base,
			);
			mainGroup = 99BCD4F02AC2635F00997225;
			productRefGroup = 99BCD4FA2AC2635F00997225 /* Products */;
			projectDirPath = "";
			projectRoot = "";
			targets = (
				99BCD4F82AC2635F00997225 /* Drink */,
				99BCD50E2AC2636000997225 /* DrinkTests */,
				99BCD5182AC2636000997225 /* DrinkUITests */,
			);
		};
/* End PBXProject section */

/* Begin PBXResourcesBuildPhase section */
		99BCD4F72AC2635F00997225 /* Resources */ = {
			isa = PBXResourcesBuildPhase;
			buildActionMask = 2147483647;
			files = (
				99BCD5092AC2636000997225 /* LaunchScreen.storyboard in Resources */,
				99BCD5062AC2636000997225 /* Assets.xcassets in Resources */,
				99AA63432AC2667B00034891 /* AlertListCell.xib in Resources */,
				99BCD5042AC2635F00997225 /* Main.storyboard in Resources */,
			);
			runOnlyForDeploymentPostprocessing = 0;
		};
		99BCD50D2AC2636000997225 /* Resources */ = {
			isa = PBXResourcesBuildPhase;
			buildActionMask = 2147483647;
			files = (
			);
			runOnlyForDeploymentPostprocessing = 0;
		};
		99BCD5172AC2636000997225 /* Resources */ = {
			isa = PBXResourcesBuildPhase;
			buildActionMask = 2147483647;
			files = (
			);
			runOnlyForDeploymentPostprocessing = 0;
		};
/* End PBXResourcesBuildPhase section */

/* Begin PBXSourcesBuildPhase section */
		99BCD4F52AC2635F00997225 /* Sources */ = {
			isa = PBXSourcesBuildPhase;
			buildActionMask = 2147483647;
			files = (
				996568022AC6ED4100187EF2 /* UNNotificationCenter.swift in Sources */,
				9910512F2AC26B7800C678E7 /* Alert.swift in Sources */,
				99BCD5012AC2635F00997225 /* ViewController.swift in Sources */,
				991051312AC27BC300C678E7 /* AddAlertViewController.swift in Sources */,
				99BCD4FD2AC2635F00997225 /* AppDelegate.swift in Sources */,
				99BCD4FF2AC2635F00997225 /* SceneDelegate.swift in Sources */,
				99BCD52D2AC2639100997225 /* AlertListViewController.swift in Sources */,
				99AA63422AC2667B00034891 /* AlertListCell.swift in Sources */,
			);
			runOnlyForDeploymentPostprocessing = 0;
		};
		99BCD50B2AC2636000997225 /* Sources */ = {
			isa = PBXSourcesBuildPhase;
			buildActionMask = 2147483647;
			files = (
				99BCD5142AC2636000997225 /* DrinkTests.swift in Sources */,
			);
			runOnlyForDeploymentPostprocessing = 0;
		};
		99BCD5152AC2636000997225 /* Sources */ = {
			isa = PBXSourcesBuildPhase;
			buildActionMask = 2147483647;
			files = (
				99BCD51E2AC2636000997225 /* DrinkUITests.swift in Sources */,
				99BCD5202AC2636000997225 /* DrinkUITestsLaunchTests.swift in Sources */,
			);
			runOnlyForDeploymentPostprocessing = 0;
		};
/* End PBXSourcesBuildPhase section */

/* Begin PBXTargetDependency section */
		99BCD5112AC2636000997225 /* PBXTargetDependency */ = {
			isa = PBXTargetDependency;
			target = 99BCD4F82AC2635F00997225 /* Drink */;
			targetProxy = 99BCD5102AC2636000997225 /* PBXContainerItemProxy */;
		};
		99BCD51B2AC2636000997225 /* PBXTargetDependency */ = {
			isa = PBXTargetDependency;
			target = 99BCD4F82AC2635F00997225 /* Drink */;
			targetProxy = 99BCD51A2AC2636000997225 /* PBXContainerItemProxy */;
		};
/* End PBXTargetDependency section */

/* Begin PBXVariantGroup section */
		99BCD5022AC2635F00997225 /* Main.storyboard */ = {
			isa = PBXVariantGroup;
			children = (
				99BCD5032AC2635F00997225 /* Base */,
			);
			name = Main.storyboard;
			sourceTree = "<group>";
		};
		99BCD5072AC2636000997225 /* LaunchScreen.storyboard */ = {
			isa = PBXVariantGroup;
			children = (
				99BCD5082AC2636000997225 /* Base */,
			);
			name = LaunchScreen.storyboard;
			sourceTree = "<group>";
		};
/* End PBXVariantGroup section */

/* Begin XCBuildConfiguration section */
		99BCD5212AC2636000997225 /* Debug */ = {
			isa = XCBuildConfiguration;
			buildSettings = {
				ALWAYS_SEARCH_USER_PATHS = NO;
				CLANG_ANALYZER_NONNULL = YES;
				CLANG_ANALYZER_NUMBER_OBJECT_CONVERSION = YES_AGGRESSIVE;
				CLANG_CXX_LANGUAGE_STANDARD = "gnu++20";
				CLANG_ENABLE_MODULES = YES;
				CLANG_ENABLE_OBJC_ARC = YES;
				CLANG_ENABLE_OBJC_WEAK = YES;
				CLANG_WARN_BLOCK_CAPTURE_AUTORELEASING = YES;
				CLANG_WARN_BOOL_CONVERSION = YES;
				CLANG_WARN_COMMA = YES;
				CLANG_WARN_CONSTANT_CONVERSION = YES;
				CLANG_WARN_DEPRECATED_OBJC_IMPLEMENTATIONS = YES;
				CLANG_WARN_DIRECT_OBJC_ISA_USAGE = YES_ERROR;
				CLANG_WARN_DOCUMENTATION_COMMENTS = YES;
				CLANG_WARN_EMPTY_BODY = YES;
				CLANG_WARN_ENUM_CONVERSION = YES;
				CLANG_WARN_INFINITE_RECURSION = YES;
				CLANG_WARN_INT_CONVERSION = YES;
				CLANG_WARN_NON_LITERAL_NULL_CONVERSION = YES;
				CLANG_WARN_OBJC_IMPLICIT_RETAIN_SELF = YES;
				CLANG_WARN_OBJC_LITERAL_CONVERSION = YES;
				CLANG_WARN_OBJC_ROOT_CLASS = YES_ERROR;
				CLANG_WARN_QUOTED_INCLUDE_IN_FRAMEWORK_HEADER = YES;
				CLANG_WARN_RANGE_LOOP_ANALYSIS = YES;
				CLANG_WARN_STRICT_PROTOTYPES = YES;
				CLANG_WARN_SUSPICIOUS_MOVE = YES;
				CLANG_WARN_UNGUARDED_AVAILABILITY = YES_AGGRESSIVE;
				CLANG_WARN_UNREACHABLE_CODE = YES;
				CLANG_WARN__DUPLICATE_METHOD_MATCH = YES;
				COPY_PHASE_STRIP = NO;
				DEBUG_INFORMATION_FORMAT = dwarf;
				ENABLE_STRICT_OBJC_MSGSEND = YES;
				ENABLE_TESTABILITY = YES;
				GCC_C_LANGUAGE_STANDARD = gnu11;
				GCC_DYNAMIC_NO_PIC = NO;
				GCC_NO_COMMON_BLOCKS = YES;
				GCC_OPTIMIZATION_LEVEL = 0;
				GCC_PREPROCESSOR_DEFINITIONS = (
					"DEBUG=1",
					"$(inherited)",
				);
				GCC_WARN_64_TO_32_BIT_CONVERSION = YES;
				GCC_WARN_ABOUT_RETURN_TYPE = YES_ERROR;
				GCC_WARN_UNDECLARED_SELECTOR = YES;
				GCC_WARN_UNINITIALIZED_AUTOS = YES_AGGRESSIVE;
				GCC_WARN_UNUSED_FUNCTION = YES;
				GCC_WARN_UNUSED_VARIABLE = YES;
				IPHONEOS_DEPLOYMENT_TARGET = 16.4;
				MTL_ENABLE_DEBUG_INFO = INCLUDE_SOURCE;
				MTL_FAST_MATH = YES;
				ONLY_ACTIVE_ARCH = YES;
				SDKROOT = iphoneos;
				SWIFT_ACTIVE_COMPILATION_CONDITIONS = DEBUG;
				SWIFT_OPTIMIZATION_LEVEL = "-Onone";
			};
			name = Debug;
		};
		99BCD5222AC2636000997225 /* Release */ = {
			isa = XCBuildConfiguration;
			buildSettings = {
				ALWAYS_SEARCH_USER_PATHS = NO;
				CLANG_ANALYZER_NONNULL = YES;
				CLANG_ANALYZER_NUMBER_OBJECT_CONVERSION = YES_AGGRESSIVE;
				CLANG_CXX_LANGUAGE_STANDARD = "gnu++20";
				CLANG_ENABLE_MODULES = YES;
				CLANG_ENABLE_OBJC_ARC = YES;
				CLANG_ENABLE_OBJC_WEAK = YES;
				CLANG_WARN_BLOCK_CAPTURE_AUTORELEASING = YES;
				CLANG_WARN_BOOL_CONVERSION = YES;
				CLANG_WARN_COMMA = YES;
				CLANG_WARN_CONSTANT_CONVERSION = YES;
				CLANG_WARN_DEPRECATED_OBJC_IMPLEMENTATIONS = YES;
				CLANG_WARN_DIRECT_OBJC_ISA_USAGE = YES_ERROR;
				CLANG_WARN_DOCUMENTATION_COMMENTS = YES;
				CLANG_WARN_EMPTY_BODY = YES;
				CLANG_WARN_ENUM_CONVERSION = YES;
				CLANG_WARN_INFINITE_RECURSION = YES;
				CLANG_WARN_INT_CONVERSION = YES;
				CLANG_WARN_NON_LITERAL_NULL_CONVERSION = YES;
				CLANG_WARN_OBJC_IMPLICIT_RETAIN_SELF = YES;
				CLANG_WARN_OBJC_LITERAL_CONVERSION = YES;
				CLANG_WARN_OBJC_ROOT_CLASS = YES_ERROR;
				CLANG_WARN_QUOTED_INCLUDE_IN_FRAMEWORK_HEADER = YES;
				CLANG_WARN_RANGE_LOOP_ANALYSIS = YES;
				CLANG_WARN_STRICT_PROTOTYPES = YES;
				CLANG_WARN_SUSPICIOUS_MOVE = YES;
				CLANG_WARN_UNGUARDED_AVAILABILITY = YES_AGGRESSIVE;
				CLANG_WARN_UNREACHABLE_CODE = YES;
				CLANG_WARN__DUPLICATE_METHOD_MATCH = YES;
				COPY_PHASE_STRIP = NO;
				DEBUG_INFORMATION_FORMAT = "dwarf-with-dsym";
				ENABLE_NS_ASSERTIONS = NO;
				ENABLE_STRICT_OBJC_MSGSEND = YES;
				GCC_C_LANGUAGE_STANDARD = gnu11;
				GCC_NO_COMMON_BLOCKS = YES;
				GCC_WARN_64_TO_32_BIT_CONVERSION = YES;
				GCC_WARN_ABOUT_RETURN_TYPE = YES_ERROR;
				GCC_WARN_UNDECLARED_SELECTOR = YES;
				GCC_WARN_UNINITIALIZED_AUTOS = YES_AGGRESSIVE;
				GCC_WARN_UNUSED_FUNCTION = YES;
				GCC_WARN_UNUSED_VARIABLE = YES;
				IPHONEOS_DEPLOYMENT_TARGET = 16.4;
				MTL_ENABLE_DEBUG_INFO = NO;
				MTL_FAST_MATH = YES;
				SDKROOT = iphoneos;
				SWIFT_COMPILATION_MODE = wholemodule;
				SWIFT_OPTIMIZATION_LEVEL = "-O";
				VALIDATE_PRODUCT = YES;
			};
			name = Release;
		};
		99BCD5242AC2636000997225 /* Debug */ = {
			isa = XCBuildConfiguration;
			buildSettings = {
				ASSETCATALOG_COMPILER_APPICON_NAME = AppIcon;
				ASSETCATALOG_COMPILER_GLOBAL_ACCENT_COLOR_NAME = AccentColor;
				CODE_SIGN_STYLE = Automatic;
				CURRENT_PROJECT_VERSION = 1;
				GENERATE_INFOPLIST_FILE = YES;
				INFOPLIST_FILE = Drink/Info.plist;
				INFOPLIST_KEY_UIApplicationSupportsIndirectInputEvents = YES;
				INFOPLIST_KEY_UILaunchStoryboardName = LaunchScreen;
				INFOPLIST_KEY_UIMainStoryboardFile = Main;
				INFOPLIST_KEY_UISupportedInterfaceOrientations_iPad = "UIInterfaceOrientationPortrait UIInterfaceOrientationPortraitUpsideDown UIInterfaceOrientationLandscapeLeft UIInterfaceOrientationLandscapeRight";
				INFOPLIST_KEY_UISupportedInterfaceOrientations_iPhone = "UIInterfaceOrientationPortrait UIInterfaceOrientationLandscapeLeft UIInterfaceOrientationLandscapeRight";
				LD_RUNPATH_SEARCH_PATHS = (
					"$(inherited)",
					"@executable_path/Frameworks",
				);
				MARKETING_VERSION = 1.0;
				PRODUCT_BUNDLE_IDENTIFIER = judy.Drink;
				PRODUCT_NAME = "$(TARGET_NAME)";
				SWIFT_EMIT_LOC_STRINGS = YES;
				SWIFT_VERSION = 5.0;
				TARGETED_DEVICE_FAMILY = "1,2";
			};
			name = Debug;
		};
		99BCD5252AC2636000997225 /* Release */ = {
			isa = XCBuildConfiguration;
			buildSettings = {
				ASSETCATALOG_COMPILER_APPICON_NAME = AppIcon;
				ASSETCATALOG_COMPILER_GLOBAL_ACCENT_COLOR_NAME = AccentColor;
				CODE_SIGN_STYLE = Automatic;
				CURRENT_PROJECT_VERSION = 1;
				GENERATE_INFOPLIST_FILE = YES;
				INFOPLIST_FILE = Drink/Info.plist;
				INFOPLIST_KEY_UIApplicationSupportsIndirectInputEvents = YES;
				INFOPLIST_KEY_UILaunchStoryboardName = LaunchScreen;
				INFOPLIST_KEY_UIMainStoryboardFile = Main;
				INFOPLIST_KEY_UISupportedInterfaceOrientations_iPad = "UIInterfaceOrientationPortrait UIInterfaceOrientationPortraitUpsideDown UIInterfaceOrientationLandscapeLeft UIInterfaceOrientationLandscapeRight";
				INFOPLIST_KEY_UISupportedInterfaceOrientations_iPhone = "UIInterfaceOrientationPortrait UIInterfaceOrientationLandscapeLeft UIInterfaceOrientationLandscapeRight";
				LD_RUNPATH_SEARCH_PATHS = (
					"$(inherited)",
					"@executable_path/Frameworks",
				);
				MARKETING_VERSION = 1.0;
				PRODUCT_BUNDLE_IDENTIFIER = judy.Drink;
				PRODUCT_NAME = "$(TARGET_NAME)";
				SWIFT_EMIT_LOC_STRINGS = YES;
				SWIFT_VERSION = 5.0;
				TARGETED_DEVICE_FAMILY = "1,2";
			};
			name = Release;
		};
		99BCD5272AC2636000997225 /* Debug */ = {
			isa = XCBuildConfiguration;
			buildSettings = {
				ALWAYS_EMBED_SWIFT_STANDARD_LIBRARIES = YES;
				BUNDLE_LOADER = "$(TEST_HOST)";
				CODE_SIGN_STYLE = Automatic;
				CURRENT_PROJECT_VERSION = 1;
				GENERATE_INFOPLIST_FILE = YES;
				IPHONEOS_DEPLOYMENT_TARGET = 16.4;
				MARKETING_VERSION = 1.0;
				PRODUCT_BUNDLE_IDENTIFIER = judy.DrinkTests;
				PRODUCT_NAME = "$(TARGET_NAME)";
				SWIFT_EMIT_LOC_STRINGS = NO;
				SWIFT_VERSION = 5.0;
				TARGETED_DEVICE_FAMILY = "1,2";
				TEST_HOST = "$(BUILT_PRODUCTS_DIR)/Drink.app/$(BUNDLE_EXECUTABLE_FOLDER_PATH)/Drink";
			};
			name = Debug;
		};
		99BCD5282AC2636000997225 /* Release */ = {
			isa = XCBuildConfiguration;
			buildSettings = {
				ALWAYS_EMBED_SWIFT_STANDARD_LIBRARIES = YES;
				BUNDLE_LOADER = "$(TEST_HOST)";
				CODE_SIGN_STYLE = Automatic;
				CURRENT_PROJECT_VERSION = 1;
				GENERATE_INFOPLIST_FILE = YES;
				IPHONEOS_DEPLOYMENT_TARGET = 16.4;
				MARKETING_VERSION = 1.0;
				PRODUCT_BUNDLE_IDENTIFIER = judy.DrinkTests;
				PRODUCT_NAME = "$(TARGET_NAME)";
				SWIFT_EMIT_LOC_STRINGS = NO;
				SWIFT_VERSION = 5.0;
				TARGETED_DEVICE_FAMILY = "1,2";
				TEST_HOST = "$(BUILT_PRODUCTS_DIR)/Drink.app/$(BUNDLE_EXECUTABLE_FOLDER_PATH)/Drink";
			};
			name = Release;
		};
		99BCD52A2AC2636000997225 /* Debug */ = {
			isa = XCBuildConfiguration;
			buildSettings = {
				ALWAYS_EMBED_SWIFT_STANDARD_LIBRARIES = YES;
				CODE_SIGN_STYLE = Automatic;
				CURRENT_PROJECT_VERSION = 1;
				GENERATE_INFOPLIST_FILE = YES;
				MARKETING_VERSION = 1.0;
				PRODUCT_BUNDLE_IDENTIFIER = judy.DrinkUITests;
				PRODUCT_NAME = "$(TARGET_NAME)";
				SWIFT_EMIT_LOC_STRINGS = NO;
				SWIFT_VERSION = 5.0;
				TARGETED_DEVICE_FAMILY = "1,2";
				TEST_TARGET_NAME = Drink;
			};
			name = Debug;
		};
		99BCD52B2AC2636000997225 /* Release */ = {
			isa = XCBuildConfiguration;
			buildSettings = {
				ALWAYS_EMBED_SWIFT_STANDARD_LIBRARIES = YES;
				CODE_SIGN_STYLE = Automatic;
				CURRENT_PROJECT_VERSION = 1;
				GENERATE_INFOPLIST_FILE = YES;
				MARKETING_VERSION = 1.0;
				PRODUCT_BUNDLE_IDENTIFIER = judy.DrinkUITests;
				PRODUCT_NAME = "$(TARGET_NAME)";
				SWIFT_EMIT_LOC_STRINGS = NO;
				SWIFT_VERSION = 5.0;
				TARGETED_DEVICE_FAMILY = "1,2";
				TEST_TARGET_NAME = Drink;
			};
			name = Release;
		};
/* End XCBuildConfiguration section */

/* Begin XCConfigurationList section */
		99BCD4F42AC2635F00997225 /* Build configuration list for PBXProject "Drink" */ = {
			isa = XCConfigurationList;
			buildConfigurations = (
				99BCD5212AC2636000997225 /* Debug */,
				99BCD5222AC2636000997225 /* Release */,
			);
			defaultConfigurationIsVisible = 0;
			defaultConfigurationName = Release;
		};
		99BCD5232AC2636000997225 /* Build configuration list for PBXNativeTarget "Drink" */ = {
			isa = XCConfigurationList;
			buildConfigurations = (
				99BCD5242AC2636000997225 /* Debug */,
				99BCD5252AC2636000997225 /* Release */,
			);
			defaultConfigurationIsVisible = 0;
			defaultConfigurationName = Release;
		};
		99BCD5262AC2636000997225 /* Build configuration list for PBXNativeTarget "DrinkTests" */ = {
			isa = XCConfigurationList;
			buildConfigurations = (
				99BCD5272AC2636000997225 /* Debug */,
				99BCD5282AC2636000997225 /* Release */,
			);
			defaultConfigurationIsVisible = 0;
			defaultConfigurationName = Release;
		};
		99BCD5292AC2636000997225 /* Build configuration list for PBXNativeTarget "DrinkUITests" */ = {
			isa = XCConfigurationList;
			buildConfigurations = (
				99BCD52A2AC2636000997225 /* Debug */,
				99BCD52B2AC2636000997225 /* Release */,
			);
			defaultConfigurationIsVisible = 0;
			defaultConfigurationName = Release;
		};
/* End XCConfigurationList section */
	};
	rootObject = 99BCD4F12AC2635F00997225 /* Project object */;
}
